
Microsoft Visual Studio Solution File, Format Version 12.00
# Visual Studio Version 17
VisualStudioVersion = 17.2.32630.192
MinimumVisualStudioVersion = 10.0.40219.1
Project("{FAE04EC0-301F-11D3-BF4B-00C04F79EFBC}") = "SupportTools_Visio", "SupportTools_Visio\SupportTools_Visio.csproj", "{3C3897DE-F23C-435B-ACB2-242D72A1E74F}"
EndProject
Project("{2150E333-8FDC-42A3-9474-1A3956D46DE8}") = "Solution Items", "Solution Items", "{6E8C67B2-A461-4C8A-8CA0-C87F87CF0B7D}"
	ProjectSection(SolutionItems) = preProject
		..\..\..\temp\CodeCommandConsole_Config.xml = ..\..\..\temp\CodeCommandConsole_Config.xml
		..\SupportTools_Config.xml = ..\SupportTools_Config.xml
	EndProjectSection
EndProject
Project("{2150E333-8FDC-42A3-9474-1A3956D46DE8}") = "Modules", "Modules", "{9964660A-CDE8-43A9-AB80-C3CB88F2FABB}"
EndProject
Project("{FAE04EC0-301F-11D3-BF4B-00C04F79EFBC}") = "ModuleA", "Modules\ModuleA\ModuleA.csproj", "{3D9A8549-A7A8-4DF9-829E-AEAE7ECACACA}"
EndProject
Project("{2150E333-8FDC-42A3-9474-1A3956D46DE8}") = "Application", "Application", "{E1476731-0359-401D-B204-2B87D5B0AADC}"
EndProject
Project("{2150E333-8FDC-42A3-9474-1A3956D46DE8}") = "ApplicationServices", "ApplicationServices", "{A366BA9D-31AC-4425-B3F7-79C149D8B6D2}"
EndProject
Project("{2150E333-8FDC-42A3-9474-1A3956D46DE8}") = "Domain", "Domain", "{6E1F03AE-E70B-47E4-9311-292E9E965F34}"
EndProject
Project("{2150E333-8FDC-42A3-9474-1A3956D46DE8}") = "DomainServices", "DomainServices", "{9220C387-CC40-4218-B99D-D6BB5EB7432F}"
EndProject
Project("{2150E333-8FDC-42A3-9474-1A3956D46DE8}") = "Infrastructure", "Infrastructure", "{21D67098-2181-4E9C-AC42-B75D18C8391C}"
EndProject
Project("{2150E333-8FDC-42A3-9474-1A3956D46DE8}") = "Persistence", "Persistence", "{F2BBE3E3-F906-48C5-87EE-AA607AF38ACF}"
EndProject
Project("{2150E333-8FDC-42A3-9474-1A3956D46DE8}") = "Presentation", "Presentation", "{426A2E67-D0F5-4D62-B6E2-A0F1E7B02D6D}"
EndProject
Project("{9A19103F-16F7-4668-BE54-9A1E7A4F7556}") = "Explore", "Modules\Explore\Explore.csproj", "{2C063F33-F4F1-40DF-B485-A7DC21154300}"
EndProject
Project("{9A19103F-16F7-4668-BE54-9A1E7A4F7556}") = "VNC.Visio.AddinHelper", "..\VNC.Visio.AddinHelper\VNC.Visio.AddinHelper.csproj", "{0157A4A9-9A7C-477B-9BA4-B2B7BDEB4B32}"
EndProject
Project("{9A19103F-16F7-4668-BE54-9A1E7A4F7556}") = "VNC.ExcelHelper", "..\VNC.ExcelHelper\VNC.ExcelHelper.csproj", "{1CF219F0-F24B-4CDA-BD68-A0CBFC177F82}"
EndProject
Project("{FAE04EC0-301F-11D3-BF4B-00C04F79EFBC}") = "SupportTools_Visio.Core", "SupportTools_Visio.Core\SupportTools_Visio.Core.csproj", "{BB1193EC-4836-4850-A4C4-0CD639EC39F5}"
EndProject
Project("{9A19103F-16F7-4668-BE54-9A1E7A4F7556}") = "VNC.VSTOAddIn", "..\VNC.VSTOAddin\VNC.VSTOAddIn.csproj", "{9FF3F7C2-C7AC-4269-9EC8-4B7CD3C630C3}"
EndProject
Project("{9A19103F-16F7-4668-BE54-9A1E7A4F7556}") = "VNC.Visio.VSTOAddIn", "..\VNC.Visio.VSTOAddin\VNC.Visio.VSTOAddIn.csproj", "{AED58D4E-6267-4CB7-B402-9A66724AA40E}"
EndProject
Global
	GlobalSection(SolutionConfigurationPlatforms) = preSolution
		All|Any CPU = All|Any CPU
		All|x64 = All|x64
		All|x86 = All|x86
		Debug|Any CPU = Debug|Any CPU
		Debug|x64 = Debug|x64
		Debug|x86 = Debug|x86
		Release|Any CPU = Release|Any CPU
		Release|x64 = Release|x64
		Release|x86 = Release|x86
	EndGlobalSection
	GlobalSection(ProjectConfigurationPlatforms) = postSolution
		{3C3897DE-F23C-435B-ACB2-242D72A1E74F}.All|Any CPU.ActiveCfg = Release|Any CPU
		{3C3897DE-F23C-435B-ACB2-242D72A1E74F}.All|Any CPU.Build.0 = Release|Any CPU
		{3C3897DE-F23C-435B-ACB2-242D72A1E74F}.All|x64.ActiveCfg = Release|x64
		{3C3897DE-F23C-435B-ACB2-242D72A1E74F}.All|x64.Build.0 = Release|x64
		{3C3897DE-F23C-435B-ACB2-242D72A1E74F}.All|x86.ActiveCfg = Release|x86
		{3C3897DE-F23C-435B-ACB2-242D72A1E74F}.All|x86.Build.0 = Release|x86
		{3C3897DE-F23C-435B-ACB2-242D72A1E74F}.Debug|Any CPU.ActiveCfg = Debug|Any CPU
		{3C3897DE-F23C-435B-ACB2-242D72A1E74F}.Debug|Any CPU.Build.0 = Debug|Any CPU
		{3C3897DE-F23C-435B-ACB2-242D72A1E74F}.Debug|x64.ActiveCfg = Debug|x64
		{3C3897DE-F23C-435B-ACB2-242D72A1E74F}.Debug|x64.Build.0 = Debug|x64
		{3C3897DE-F23C-435B-ACB2-242D72A1E74F}.Debug|x86.ActiveCfg = Debug|x86
		{3C3897DE-F23C-435B-ACB2-242D72A1E74F}.Debug|x86.Build.0 = Debug|x86
		{3C3897DE-F23C-435B-ACB2-242D72A1E74F}.Release|Any CPU.ActiveCfg = Release|Any CPU
		{3C3897DE-F23C-435B-ACB2-242D72A1E74F}.Release|Any CPU.Build.0 = Release|Any CPU
		{3C3897DE-F23C-435B-ACB2-242D72A1E74F}.Release|x64.ActiveCfg = Release|x64
		{3C3897DE-F23C-435B-ACB2-242D72A1E74F}.Release|x64.Build.0 = Release|x64
		{3C3897DE-F23C-435B-ACB2-242D72A1E74F}.Release|x86.ActiveCfg = Release|x86
		{3C3897DE-F23C-435B-ACB2-242D72A1E74F}.Release|x86.Build.0 = Release|x86
		{3D9A8549-A7A8-4DF9-829E-AEAE7ECACACA}.All|Any CPU.ActiveCfg = Release|Any CPU
		{3D9A8549-A7A8-4DF9-829E-AEAE7ECACACA}.All|Any CPU.Build.0 = Release|Any CPU
		{3D9A8549-A7A8-4DF9-829E-AEAE7ECACACA}.All|x64.ActiveCfg = Release|x64
		{3D9A8549-A7A8-4DF9-829E-AEAE7ECACACA}.All|x64.Build.0 = Release|x64
		{3D9A8549-A7A8-4DF9-829E-AEAE7ECACACA}.All|x86.ActiveCfg = Release|x86
		{3D9A8549-A7A8-4DF9-829E-AEAE7ECACACA}.All|x86.Build.0 = Release|x86
		{3D9A8549-A7A8-4DF9-829E-AEAE7ECACACA}.Debug|Any CPU.ActiveCfg = Debug|Any CPU
		{3D9A8549-A7A8-4DF9-829E-AEAE7ECACACA}.Debug|Any CPU.Build.0 = Debug|Any CPU
		{3D9A8549-A7A8-4DF9-829E-AEAE7ECACACA}.Debug|x64.ActiveCfg = Debug|x64
		{3D9A8549-A7A8-4DF9-829E-AEAE7ECACACA}.Debug|x64.Build.0 = Debug|x64
		{3D9A8549-A7A8-4DF9-829E-AEAE7ECACACA}.Debug|x86.ActiveCfg = Debug|x86
		{3D9A8549-A7A8-4DF9-829E-AEAE7ECACACA}.Debug|x86.Build.0 = Debug|x86
		{3D9A8549-A7A8-4DF9-829E-AEAE7ECACACA}.Release|Any CPU.ActiveCfg = Release|Any CPU
		{3D9A8549-A7A8-4DF9-829E-AEAE7ECACACA}.Release|Any CPU.Build.0 = Release|Any CPU
		{3D9A8549-A7A8-4DF9-829E-AEAE7ECACACA}.Release|x64.ActiveCfg = Release|x64
		{3D9A8549-A7A8-4DF9-829E-AEAE7ECACACA}.Release|x64.Build.0 = Release|x64
		{3D9A8549-A7A8-4DF9-829E-AEAE7ECACACA}.Release|x86.ActiveCfg = Release|x86
		{3D9A8549-A7A8-4DF9-829E-AEAE7ECACACA}.Release|x86.Build.0 = Release|x86
		{2C063F33-F4F1-40DF-B485-A7DC21154300}.All|Any CPU.ActiveCfg = Debug|Any CPU
		{2C063F33-F4F1-40DF-B485-A7DC21154300}.All|Any CPU.Build.0 = Debug|Any CPU
		{2C063F33-F4F1-40DF-B485-A7DC21154300}.All|x64.ActiveCfg = Debug|Any CPU
		{2C063F33-F4F1-40DF-B485-A7DC21154300}.All|x64.Build.0 = Debug|Any CPU
		{2C063F33-F4F1-40DF-B485-A7DC21154300}.All|x86.ActiveCfg = Debug|Any CPU
		{2C063F33-F4F1-40DF-B485-A7DC21154300}.All|x86.Build.0 = Debug|Any CPU
		{2C063F33-F4F1-40DF-B485-A7DC21154300}.Debug|Any CPU.ActiveCfg = Debug|Any CPU
		{2C063F33-F4F1-40DF-B485-A7DC21154300}.Debug|Any CPU.Build.0 = Debug|Any CPU
		{2C063F33-F4F1-40DF-B485-A7DC21154300}.Debug|x64.ActiveCfg = Debug|Any CPU
		{2C063F33-F4F1-40DF-B485-A7DC21154300}.Debug|x64.Build.0 = Debug|Any CPU
		{2C063F33-F4F1-40DF-B485-A7DC21154300}.Debug|x86.ActiveCfg = Debug|Any CPU
		{2C063F33-F4F1-40DF-B485-A7DC21154300}.Debug|x86.Build.0 = Debug|Any CPU
		{2C063F33-F4F1-40DF-B485-A7DC21154300}.Release|Any CPU.ActiveCfg = Release|Any CPU
		{2C063F33-F4F1-40DF-B485-A7DC21154300}.Release|Any CPU.Build.0 = Release|Any CPU
		{2C063F33-F4F1-40DF-B485-A7DC21154300}.Release|x64.ActiveCfg = Release|Any CPU
		{2C063F33-F4F1-40DF-B485-A7DC21154300}.Release|x64.Build.0 = Release|Any CPU
		{2C063F33-F4F1-40DF-B485-A7DC21154300}.Release|x86.ActiveCfg = Release|Any CPU
		{2C063F33-F4F1-40DF-B485-A7DC21154300}.Release|x86.Build.0 = Release|Any CPU
		{0157A4A9-9A7C-477B-9BA4-B2B7BDEB4B32}.All|Any CPU.ActiveCfg = Debug|Any CPU
		{0157A4A9-9A7C-477B-9BA4-B2B7BDEB4B32}.All|Any CPU.Build.0 = Debug|Any CPU
		{0157A4A9-9A7C-477B-9BA4-B2B7BDEB4B32}.All|x64.ActiveCfg = Debug|Any CPU
		{0157A4A9-9A7C-477B-9BA4-B2B7BDEB4B32}.All|x64.Build.0 = Debug|Any CPU
		{0157A4A9-9A7C-477B-9BA4-B2B7BDEB4B32}.All|x86.ActiveCfg = Debug|Any CPU
		{0157A4A9-9A7C-477B-9BA4-B2B7BDEB4B32}.All|x86.Build.0 = Debug|Any CPU
		{0157A4A9-9A7C-477B-9BA4-B2B7BDEB4B32}.Debug|Any CPU.ActiveCfg = Debug|Any CPU
		{0157A4A9-9A7C-477B-9BA4-B2B7BDEB4B32}.Debug|Any CPU.Build.0 = Debug|Any CPU
		{0157A4A9-9A7C-477B-9BA4-B2B7BDEB4B32}.Debug|x64.ActiveCfg = Debug|Any CPU
		{0157A4A9-9A7C-477B-9BA4-B2B7BDEB4B32}.Debug|x64.Build.0 = Debug|Any CPU
		{0157A4A9-9A7C-477B-9BA4-B2B7BDEB4B32}.Debug|x86.ActiveCfg = Debug|Any CPU
		{0157A4A9-9A7C-477B-9BA4-B2B7BDEB4B32}.Debug|x86.Build.0 = Debug|Any CPU
		{0157A4A9-9A7C-477B-9BA4-B2B7BDEB4B32}.Release|Any CPU.ActiveCfg = Release|Any CPU
		{0157A4A9-9A7C-477B-9BA4-B2B7BDEB4B32}.Release|Any CPU.Build.0 = Release|Any CPU
		{0157A4A9-9A7C-477B-9BA4-B2B7BDEB4B32}.Release|x64.ActiveCfg = Release|Any CPU
		{0157A4A9-9A7C-477B-9BA4-B2B7BDEB4B32}.Release|x64.Build.0 = Release|Any CPU
		{0157A4A9-9A7C-477B-9BA4-B2B7BDEB4B32}.Release|x86.ActiveCfg = Release|Any CPU
		{0157A4A9-9A7C-477B-9BA4-B2B7BDEB4B32}.Release|x86.Build.0 = Release|Any CPU
		{1CF219F0-F24B-4CDA-BD68-A0CBFC177F82}.All|Any CPU.ActiveCfg = Debug|Any CPU
		{1CF219F0-F24B-4CDA-BD68-A0CBFC177F82}.All|Any CPU.Build.0 = Debug|Any CPU
		{1CF219F0-F24B-4CDA-BD68-A0CBFC177F82}.All|x64.ActiveCfg = Debug|Any CPU
		{1CF219F0-F24B-4CDA-BD68-A0CBFC177F82}.All|x64.Build.0 = Debug|Any CPU
		{1CF219F0-F24B-4CDA-BD68-A0CBFC177F82}.All|x86.ActiveCfg = Debug|Any CPU
		{1CF219F0-F24B-4CDA-BD68-A0CBFC177F82}.All|x86.Build.0 = Debug|Any CPU
		{1CF219F0-F24B-4CDA-BD68-A0CBFC177F82}.Debug|Any CPU.ActiveCfg = Debug|Any CPU
		{1CF219F0-F24B-4CDA-BD68-A0CBFC177F82}.Debug|Any CPU.Build.0 = Debug|Any CPU
		{1CF219F0-F24B-4CDA-BD68-A0CBFC177F82}.Debug|x64.ActiveCfg = Debug|Any CPU
		{1CF219F0-F24B-4CDA-BD68-A0CBFC177F82}.Debug|x64.Build.0 = Debug|Any CPU
		{1CF219F0-F24B-4CDA-BD68-A0CBFC177F82}.Debug|x86.ActiveCfg = Debug|Any CPU
		{1CF219F0-F24B-4CDA-BD68-A0CBFC177F82}.Debug|x86.Build.0 = Debug|Any CPU
		{1CF219F0-F24B-4CDA-BD68-A0CBFC177F82}.Release|Any CPU.ActiveCfg = Release|Any CPU
		{1CF219F0-F24B-4CDA-BD68-A0CBFC177F82}.Release|Any CPU.Build.0 = Release|Any CPU
		{1CF219F0-F24B-4CDA-BD68-A0CBFC177F82}.Release|x64.ActiveCfg = Release|Any CPU
		{1CF219F0-F24B-4CDA-BD68-A0CBFC177F82}.Release|x64.Build.0 = Release|Any CPU
		{1CF219F0-F24B-4CDA-BD68-A0CBFC177F82}.Release|x86.ActiveCfg = Release|Any CPU
		{1CF219F0-F24B-4CDA-BD68-A0CBFC177F82}.Release|x86.Build.0 = Release|Any CPU
		{BB1193EC-4836-4850-A4C4-0CD639EC39F5}.All|Any CPU.ActiveCfg = Debug|Any CPU
		{BB1193EC-4836-4850-A4C4-0CD639EC39F5}.All|Any CPU.Build.0 = Debug|Any CPU
		{BB1193EC-4836-4850-A4C4-0CD639EC39F5}.All|x64.ActiveCfg = Debug|x64
		{BB1193EC-4836-4850-A4C4-0CD639EC39F5}.All|x64.Build.0 = Debug|x64
		{BB1193EC-4836-4850-A4C4-0CD639EC39F5}.All|x86.ActiveCfg = Debug|x86
		{BB1193EC-4836-4850-A4C4-0CD639EC39F5}.All|x86.Build.0 = Debug|x86
		{BB1193EC-4836-4850-A4C4-0CD639EC39F5}.Debug|Any CPU.ActiveCfg = Debug|Any CPU
		{BB1193EC-4836-4850-A4C4-0CD639EC39F5}.Debug|Any CPU.Build.0 = Debug|Any CPU
		{BB1193EC-4836-4850-A4C4-0CD639EC39F5}.Debug|x64.ActiveCfg = Debug|x64
		{BB1193EC-4836-4850-A4C4-0CD639EC39F5}.Debug|x64.Build.0 = Debug|x64
		{BB1193EC-4836-4850-A4C4-0CD639EC39F5}.Debug|x86.ActiveCfg = Debug|x86
		{BB1193EC-4836-4850-A4C4-0CD639EC39F5}.Debug|x86.Build.0 = Debug|x86
		{BB1193EC-4836-4850-A4C4-0CD639EC39F5}.Release|Any CPU.ActiveCfg = Release|Any CPU
		{BB1193EC-4836-4850-A4C4-0CD639EC39F5}.Release|Any CPU.Build.0 = Release|Any CPU
		{BB1193EC-4836-4850-A4C4-0CD639EC39F5}.Release|x64.ActiveCfg = Release|x64
		{BB1193EC-4836-4850-A4C4-0CD639EC39F5}.Release|x64.Build.0 = Release|x64
		{BB1193EC-4836-4850-A4C4-0CD639EC39F5}.Release|x86.ActiveCfg = Release|x86
		{BB1193EC-4836-4850-A4C4-0CD639EC39F5}.Release|x86.Build.0 = Release|x86
		{9FF3F7C2-C7AC-4269-9EC8-4B7CD3C630C3}.All|Any CPU.ActiveCfg = Debug|Any CPU
		{9FF3F7C2-C7AC-4269-9EC8-4B7CD3C630C3}.All|Any CPU.Build.0 = Debug|Any CPU
		{9FF3F7C2-C7AC-4269-9EC8-4B7CD3C630C3}.All|x64.ActiveCfg = Debug|Any CPU
		{9FF3F7C2-C7AC-4269-9EC8-4B7CD3C630C3}.All|x64.Build.0 = Debug|Any CPU
		{9FF3F7C2-C7AC-4269-9EC8-4B7CD3C630C3}.All|x86.ActiveCfg = Debug|Any CPU
		{9FF3F7C2-C7AC-4269-9EC8-4B7CD3C630C3}.All|x86.Build.0 = Debug|Any CPU
		{9FF3F7C2-C7AC-4269-9EC8-4B7CD3C630C3}.Debug|Any CPU.ActiveCfg = Debug|Any CPU
		{9FF3F7C2-C7AC-4269-9EC8-4B7CD3C630C3}.Debug|Any CPU.Build.0 = Debug|Any CPU
		{9FF3F7C2-C7AC-4269-9EC8-4B7CD3C630C3}.Debug|x64.ActiveCfg = Debug|Any CPU
		{9FF3F7C2-C7AC-4269-9EC8-4B7CD3C630C3}.Debug|x64.Build.0 = Debug|Any CPU
		{9FF3F7C2-C7AC-4269-9EC8-4B7CD3C630C3}.Debug|x86.ActiveCfg = Debug|Any CPU
		{9FF3F7C2-C7AC-4269-9EC8-4B7CD3C630C3}.Debug|x86.Build.0 = Debug|Any CPU
		{9FF3F7C2-C7AC-4269-9EC8-4B7CD3C630C3}.Release|Any CPU.ActiveCfg = Release|Any CPU
		{9FF3F7C2-C7AC-4269-9EC8-4B7CD3C630C3}.Release|Any CPU.Build.0 = Release|Any CPU
		{9FF3F7C2-C7AC-4269-9EC8-4B7CD3C630C3}.Release|x64.ActiveCfg = Release|Any CPU
		{9FF3F7C2-C7AC-4269-9EC8-4B7CD3C630C3}.Release|x64.Build.0 = Release|Any CPU
		{9FF3F7C2-C7AC-4269-9EC8-4B7CD3C630C3}.Release|x86.ActiveCfg = Release|Any CPU
		{9FF3F7C2-C7AC-4269-9EC8-4B7CD3C630C3}.Release|x86.Build.0 = Release|Any CPU
		{AED58D4E-6267-4CB7-B402-9A66724AA40E}.All|Any CPU.ActiveCfg = Debug|Any CPU
		{AED58D4E-6267-4CB7-B402-9A66724AA40E}.All|Any CPU.Build.0 = Debug|Any CPU
		{AED58D4E-6267-4CB7-B402-9A66724AA40E}.All|x64.ActiveCfg = Debug|Any CPU
		{AED58D4E-6267-4CB7-B402-9A66724AA40E}.All|x64.Build.0 = Debug|Any CPU
		{AED58D4E-6267-4CB7-B402-9A66724AA40E}.All|x86.ActiveCfg = Debug|Any CPU
		{AED58D4E-6267-4CB7-B402-9A66724AA40E}.All|x86.Build.0 = Debug|Any CPU
		{AED58D4E-6267-4CB7-B402-9A66724AA40E}.Debug|Any CPU.ActiveCfg = Debug|Any CPU
		{AED58D4E-6267-4CB7-B402-9A66724AA40E}.Debug|Any CPU.Build.0 = Debug|Any CPU
		{AED58D4E-6267-4CB7-B402-9A66724AA40E}.Debug|x64.ActiveCfg = Debug|Any CPU
		{AED58D4E-6267-4CB7-B402-9A66724AA40E}.Debug|x64.Build.0 = Debug|Any CPU
		{AED58D4E-6267-4CB7-B402-9A66724AA40E}.Debug|x86.ActiveCfg = Debug|Any CPU
		{AED58D4E-6267-4CB7-B402-9A66724AA40E}.Debug|x86.Build.0 = Debug|Any CPU
		{AED58D4E-6267-4CB7-B402-9A66724AA40E}.Release|Any CPU.ActiveCfg = Release|Any CPU
		{AED58D4E-6267-4CB7-B402-9A66724AA40E}.Release|Any CPU.Build.0 = Release|Any CPU
		{AED58D4E-6267-4CB7-B402-9A66724AA40E}.Release|x64.ActiveCfg = Release|Any CPU
		{AED58D4E-6267-4CB7-B402-9A66724AA40E}.Release|x64.Build.0 = Release|Any CPU
		{AED58D4E-6267-4CB7-B402-9A66724AA40E}.Release|x86.ActiveCfg = Release|Any CPU
		{AED58D4E-6267-4CB7-B402-9A66724AA40E}.Release|x86.Build.0 = Release|Any CPU
	EndGlobalSection
	GlobalSection(SolutionProperties) = preSolution
		HideSolutionNode = FALSE
	EndGlobalSection
	GlobalSection(NestedProjects) = preSolution
		{3C3897DE-F23C-435B-ACB2-242D72A1E74F} = {426A2E67-D0F5-4D62-B6E2-A0F1E7B02D6D}
		{3D9A8549-A7A8-4DF9-829E-AEAE7ECACACA} = {9964660A-CDE8-43A9-AB80-C3CB88F2FABB}
		{2C063F33-F4F1-40DF-B485-A7DC21154300} = {9964660A-CDE8-43A9-AB80-C3CB88F2FABB}
		{BB1193EC-4836-4850-A4C4-0CD639EC39F5} = {21D67098-2181-4E9C-AC42-B75D18C8391C}
	EndGlobalSection
	GlobalSection(ExtensibilityGlobals) = postSolution
		EnterpriseLibraryConfigurationToolBinariesPathV6 = packages\EnterpriseLibrary.Common.6.0.1304.0\lib\NET45;packages\EnterpriseLibrary.Logging.6.0.1304.0\lib\NET45;packages\EnterpriseLibrary.Common.NetCore.6.3.0\lib\NET45;packages\EnterpriseLibrary.Logging.NetCore.6.3.2\lib\NET45
		SolutionGuid = {B53995B5-300E-4344-9884-E3A482ED16D2}
	EndGlobalSection
EndGlobal
