
Microsoft Visual Studio Solution File, Format Version 12.00
# Visual Studio Version 17
VisualStudioVersion = 17.13.36105.23 d17.13
MinimumVisualStudioVersion = 10.0.40219.1
Project("{FAE04EC0-301F-11D3-BF4B-00C04F79EFBC}") = "DemoAndTestLogging3", "DemoAndTestLogging3\DemoAndTestLogging3.csproj", "{5087E4B8-F0E3-4F34-A3B8-D5F4546F99FD}"
EndProject
Global
	GlobalSection(SolutionConfigurationPlatforms) = preSolution
		Debug|Any CPU = Debug|Any CPU
		Release|Any CPU = Release|Any CPU
	EndGlobalSection
	GlobalSection(ProjectConfigurationPlatforms) = postSolution
		{5087E4B8-F0E3-4F34-A3B8-D5F4546F99FD}.Debug|Any CPU.ActiveCfg = Debug|Any CPU
		{5087E4B8-F0E3-4F34-A3B8-D5F4546F99FD}.Debug|Any CPU.Build.0 = Debug|Any CPU
		{5087E4B8-F0E3-4F34-A3B8-D5F4546F99FD}.Release|Any CPU.ActiveCfg = Release|Any CPU
		{5087E4B8-F0E3-4F34-A3B8-D5F4546F99FD}.Release|Any CPU.Build.0 = Release|Any CPU
	EndGlobalSection
	GlobalSection(SolutionProperties) = preSolution
		HideSolutionNode = FALSE
	EndGlobalSection
	GlobalSection(ExtensibilityGlobals) = postSolution
		SolutionGuid = {D4FF8EB8-2D87-49DE-BA1F-4CB2D2DCACF6}
	EndGlobalSection
EndGlobal
