
Microsoft Visual Studio Solution File, Format Version 12.00
# Visual Studio Version 17
VisualStudioVersion = 17.10.35013.160
MinimumVisualStudioVersion = 10.0.40219.1
Project("{9A19103F-16F7-4668-BE54-9A1E7A4F7556}") = "VNC.VSTOAddin", "VNC.VSTOAddin\VNC.VSTOAddin.csproj", "{E7825CD9-B6DC-4685-8D35-DF2F4E2823BE}"
EndProject
Project("{9A19103F-16F7-4668-BE54-9A1E7A4F7556}") = "VNC.Visio.VSTOAddIn", "VNC.Visio.VSTOAddin\VNC.Visio.VSTOAddIn.csproj", "{FF53AC3C-6FCA-4FBF-B5BD-481A960BEEB8}"
EndProject
Project("{FAE04EC0-301F-11D3-BF4B-00C04F79EFBC}") = "SupportTools_Excel", "SupportTools_Excel\SupportTools_Excel\SupportTools_Excel.csproj", "{90EEA2C1-ACE6-4CBE-91AC-6FE8D69B5BC3}"
EndProject
Project("{9A19103F-16F7-4668-BE54-9A1E7A4F7556}") = "SupportTools_Excel.Core", "SupportTools_Excel\SupportTools_Excel.Infrastructure\SupportTools_Excel.Core.csproj", "{7DF02613-D6F9-4A4B-8496-043C3997123D}"
EndProject
Project("{9A19103F-16F7-4668-BE54-9A1E7A4F7556}") = "ModuleOptions", "SupportTools_Excel\ModuleOptions\ModuleOptions.csproj", "{2C5F47CE-E161-48ED-907F-B97B558F46A5}"
EndProject
Project("{9A19103F-16F7-4668-BE54-9A1E7A4F7556}") = "Explore", "SupportTools_Visio\Modules\Explore\Explore.csproj", "{D7FFA0D7-B648-43EC-B290-E94E10CD50C1}"
EndProject
Project("{9A19103F-16F7-4668-BE54-9A1E7A4F7556}") = "VNC.ExcelHelper", "VNC.ExcelHelper\VNC.ExcelHelper.csproj", "{1AABF6EC-8CE6-4B2B-9E0B-AF36D06111B2}"
EndProject
Project("{9A19103F-16F7-4668-BE54-9A1E7A4F7556}") = "VNC.Visio.Addin", "VNC.Visio.Addin\VNC.Visio.Addin.csproj", "{4BAF30F9-F656-493C-84B9-34FC4CFEB8B8}"
EndProject
Project("{FAE04EC0-301F-11D3-BF4B-00C04F79EFBC}") = "SupportTools_Visio.Core", "SupportTools_Visio\SupportTools_Visio.Core\SupportTools_Visio.Core.csproj", "{BB1193EC-4836-4850-A4C4-0CD639EC39F5}"
EndProject
Project("{FAE04EC0-301F-11D3-BF4B-00C04F79EFBC}") = "SupportTools_Visio", "SupportTools_Visio\SupportTools_Visio\SupportTools_Visio.csproj", "{3C3897DE-F23C-435B-ACB2-242D72A1E74F}"
EndProject
Project("{9A19103F-16F7-4668-BE54-9A1E7A4F7556}") = "VNC.Visio.AddinHelper", "VNC.Visio.AddinHelper\VNC.Visio.AddinHelper.csproj", "{25E4CC8C-024E-45C1-86BA-DFC019A9D8A3}"
EndProject
Project("{FAE04EC0-301F-11D3-BF4B-00C04F79EFBC}") = "ModuleA", "SupportTools_Visio\Modules\ModuleA\ModuleA.csproj", "{3D9A8549-A7A8-4DF9-829E-AEAE7ECACACA}"
EndProject
Project("{9A19103F-16F7-4668-BE54-9A1E7A4F7556}") = "VNC.Core", "..\VNCDevelopment\VNC.Core\VNC.Core.csproj", "{1BACD151-60F3-4E6E-84A0-610DB1DC97DC}"
EndProject
Global
	GlobalSection(SolutionConfigurationPlatforms) = preSolution
		All|Any CPU = All|Any CPU
		All|x64 = All|x64
		All|x86 = All|x86
		Debug|Any CPU = Debug|Any CPU
		Debug|x64 = Debug|x64
		Debug|x86 = Debug|x86
		Release|Any CPU = Release|Any CPU
		Release|x64 = Release|x64
		Release|x86 = Release|x86
	EndGlobalSection
	GlobalSection(ProjectConfigurationPlatforms) = postSolution
		{E7825CD9-B6DC-4685-8D35-DF2F4E2823BE}.All|Any CPU.ActiveCfg = Debug|Any CPU
		{E7825CD9-B6DC-4685-8D35-DF2F4E2823BE}.All|Any CPU.Build.0 = Debug|Any CPU
		{E7825CD9-B6DC-4685-8D35-DF2F4E2823BE}.All|x64.ActiveCfg = Debug|Any CPU
		{E7825CD9-B6DC-4685-8D35-DF2F4E2823BE}.All|x64.Build.0 = Debug|Any CPU
		{E7825CD9-B6DC-4685-8D35-DF2F4E2823BE}.All|x86.ActiveCfg = Debug|Any CPU
		{E7825CD9-B6DC-4685-8D35-DF2F4E2823BE}.All|x86.Build.0 = Debug|Any CPU
		{E7825CD9-B6DC-4685-8D35-DF2F4E2823BE}.Debug|Any CPU.ActiveCfg = Debug|Any CPU
		{E7825CD9-B6DC-4685-8D35-DF2F4E2823BE}.Debug|Any CPU.Build.0 = Debug|Any CPU
		{E7825CD9-B6DC-4685-8D35-DF2F4E2823BE}.Debug|x64.ActiveCfg = Debug|Any CPU
		{E7825CD9-B6DC-4685-8D35-DF2F4E2823BE}.Debug|x64.Build.0 = Debug|Any CPU
		{E7825CD9-B6DC-4685-8D35-DF2F4E2823BE}.Debug|x86.ActiveCfg = Debug|Any CPU
		{E7825CD9-B6DC-4685-8D35-DF2F4E2823BE}.Debug|x86.Build.0 = Debug|Any CPU
		{E7825CD9-B6DC-4685-8D35-DF2F4E2823BE}.Release|Any CPU.ActiveCfg = Release|Any CPU
		{E7825CD9-B6DC-4685-8D35-DF2F4E2823BE}.Release|Any CPU.Build.0 = Release|Any CPU
		{E7825CD9-B6DC-4685-8D35-DF2F4E2823BE}.Release|x64.ActiveCfg = Release|Any CPU
		{E7825CD9-B6DC-4685-8D35-DF2F4E2823BE}.Release|x64.Build.0 = Release|Any CPU
		{E7825CD9-B6DC-4685-8D35-DF2F4E2823BE}.Release|x86.ActiveCfg = Release|Any CPU
		{E7825CD9-B6DC-4685-8D35-DF2F4E2823BE}.Release|x86.Build.0 = Release|Any CPU
		{FF53AC3C-6FCA-4FBF-B5BD-481A960BEEB8}.All|Any CPU.ActiveCfg = Debug|Any CPU
		{FF53AC3C-6FCA-4FBF-B5BD-481A960BEEB8}.All|Any CPU.Build.0 = Debug|Any CPU
		{FF53AC3C-6FCA-4FBF-B5BD-481A960BEEB8}.All|x64.ActiveCfg = Debug|Any CPU
		{FF53AC3C-6FCA-4FBF-B5BD-481A960BEEB8}.All|x64.Build.0 = Debug|Any CPU
		{FF53AC3C-6FCA-4FBF-B5BD-481A960BEEB8}.All|x86.ActiveCfg = Debug|Any CPU
		{FF53AC3C-6FCA-4FBF-B5BD-481A960BEEB8}.All|x86.Build.0 = Debug|Any CPU
		{FF53AC3C-6FCA-4FBF-B5BD-481A960BEEB8}.Debug|Any CPU.ActiveCfg = Debug|Any CPU
		{FF53AC3C-6FCA-4FBF-B5BD-481A960BEEB8}.Debug|Any CPU.Build.0 = Debug|Any CPU
		{FF53AC3C-6FCA-4FBF-B5BD-481A960BEEB8}.Debug|x64.ActiveCfg = Debug|Any CPU
		{FF53AC3C-6FCA-4FBF-B5BD-481A960BEEB8}.Debug|x64.Build.0 = Debug|Any CPU
		{FF53AC3C-6FCA-4FBF-B5BD-481A960BEEB8}.Debug|x86.ActiveCfg = Debug|Any CPU
		{FF53AC3C-6FCA-4FBF-B5BD-481A960BEEB8}.Debug|x86.Build.0 = Debug|Any CPU
		{FF53AC3C-6FCA-4FBF-B5BD-481A960BEEB8}.Release|Any CPU.ActiveCfg = Release|Any CPU
		{FF53AC3C-6FCA-4FBF-B5BD-481A960BEEB8}.Release|Any CPU.Build.0 = Release|Any CPU
		{FF53AC3C-6FCA-4FBF-B5BD-481A960BEEB8}.Release|x64.ActiveCfg = Release|Any CPU
		{FF53AC3C-6FCA-4FBF-B5BD-481A960BEEB8}.Release|x64.Build.0 = Release|Any CPU
		{FF53AC3C-6FCA-4FBF-B5BD-481A960BEEB8}.Release|x86.ActiveCfg = Release|Any CPU
		{FF53AC3C-6FCA-4FBF-B5BD-481A960BEEB8}.Release|x86.Build.0 = Release|Any CPU
		{90EEA2C1-ACE6-4CBE-91AC-6FE8D69B5BC3}.All|Any CPU.ActiveCfg = All|Any CPU
		{90EEA2C1-ACE6-4CBE-91AC-6FE8D69B5BC3}.All|Any CPU.Build.0 = All|Any CPU
		{90EEA2C1-ACE6-4CBE-91AC-6FE8D69B5BC3}.All|x64.ActiveCfg = All|Any CPU
		{90EEA2C1-ACE6-4CBE-91AC-6FE8D69B5BC3}.All|x64.Build.0 = All|Any CPU
		{90EEA2C1-ACE6-4CBE-91AC-6FE8D69B5BC3}.All|x86.ActiveCfg = All|Any CPU
		{90EEA2C1-ACE6-4CBE-91AC-6FE8D69B5BC3}.All|x86.Build.0 = All|Any CPU
		{90EEA2C1-ACE6-4CBE-91AC-6FE8D69B5BC3}.Debug|Any CPU.ActiveCfg = Debug|Any CPU
		{90EEA2C1-ACE6-4CBE-91AC-6FE8D69B5BC3}.Debug|Any CPU.Build.0 = Debug|Any CPU
		{90EEA2C1-ACE6-4CBE-91AC-6FE8D69B5BC3}.Debug|x64.ActiveCfg = Debug|Any CPU
		{90EEA2C1-ACE6-4CBE-91AC-6FE8D69B5BC3}.Debug|x64.Build.0 = Debug|Any CPU
		{90EEA2C1-ACE6-4CBE-91AC-6FE8D69B5BC3}.Debug|x86.ActiveCfg = Debug|Any CPU
		{90EEA2C1-ACE6-4CBE-91AC-6FE8D69B5BC3}.Debug|x86.Build.0 = Debug|Any CPU
		{90EEA2C1-ACE6-4CBE-91AC-6FE8D69B5BC3}.Release|Any CPU.ActiveCfg = Release|Any CPU
		{90EEA2C1-ACE6-4CBE-91AC-6FE8D69B5BC3}.Release|Any CPU.Build.0 = Release|Any CPU
		{90EEA2C1-ACE6-4CBE-91AC-6FE8D69B5BC3}.Release|x64.ActiveCfg = Release|Any CPU
		{90EEA2C1-ACE6-4CBE-91AC-6FE8D69B5BC3}.Release|x64.Build.0 = Release|Any CPU
		{90EEA2C1-ACE6-4CBE-91AC-6FE8D69B5BC3}.Release|x86.ActiveCfg = Release|Any CPU
		{90EEA2C1-ACE6-4CBE-91AC-6FE8D69B5BC3}.Release|x86.Build.0 = Release|Any CPU
		{7DF02613-D6F9-4A4B-8496-043C3997123D}.All|Any CPU.ActiveCfg = Debug|Any CPU
		{7DF02613-D6F9-4A4B-8496-043C3997123D}.All|Any CPU.Build.0 = Debug|Any CPU
		{7DF02613-D6F9-4A4B-8496-043C3997123D}.All|x64.ActiveCfg = Debug|Any CPU
		{7DF02613-D6F9-4A4B-8496-043C3997123D}.All|x64.Build.0 = Debug|Any CPU
		{7DF02613-D6F9-4A4B-8496-043C3997123D}.All|x86.ActiveCfg = Debug|Any CPU
		{7DF02613-D6F9-4A4B-8496-043C3997123D}.All|x86.Build.0 = Debug|Any CPU
		{7DF02613-D6F9-4A4B-8496-043C3997123D}.Debug|Any CPU.ActiveCfg = Debug|Any CPU
		{7DF02613-D6F9-4A4B-8496-043C3997123D}.Debug|Any CPU.Build.0 = Debug|Any CPU
		{7DF02613-D6F9-4A4B-8496-043C3997123D}.Debug|x64.ActiveCfg = Debug|Any CPU
		{7DF02613-D6F9-4A4B-8496-043C3997123D}.Debug|x64.Build.0 = Debug|Any CPU
		{7DF02613-D6F9-4A4B-8496-043C3997123D}.Debug|x86.ActiveCfg = Debug|Any CPU
		{7DF02613-D6F9-4A4B-8496-043C3997123D}.Debug|x86.Build.0 = Debug|Any CPU
		{7DF02613-D6F9-4A4B-8496-043C3997123D}.Release|Any CPU.ActiveCfg = Release|Any CPU
		{7DF02613-D6F9-4A4B-8496-043C3997123D}.Release|Any CPU.Build.0 = Release|Any CPU
		{7DF02613-D6F9-4A4B-8496-043C3997123D}.Release|x64.ActiveCfg = Release|Any CPU
		{7DF02613-D6F9-4A4B-8496-043C3997123D}.Release|x64.Build.0 = Release|Any CPU
		{7DF02613-D6F9-4A4B-8496-043C3997123D}.Release|x86.ActiveCfg = Release|Any CPU
		{7DF02613-D6F9-4A4B-8496-043C3997123D}.Release|x86.Build.0 = Release|Any CPU
		{2C5F47CE-E161-48ED-907F-B97B558F46A5}.All|Any CPU.ActiveCfg = Debug|Any CPU
		{2C5F47CE-E161-48ED-907F-B97B558F46A5}.All|Any CPU.Build.0 = Debug|Any CPU
		{2C5F47CE-E161-48ED-907F-B97B558F46A5}.All|x64.ActiveCfg = Debug|Any CPU
		{2C5F47CE-E161-48ED-907F-B97B558F46A5}.All|x64.Build.0 = Debug|Any CPU
		{2C5F47CE-E161-48ED-907F-B97B558F46A5}.All|x86.ActiveCfg = Debug|Any CPU
		{2C5F47CE-E161-48ED-907F-B97B558F46A5}.All|x86.Build.0 = Debug|Any CPU
		{2C5F47CE-E161-48ED-907F-B97B558F46A5}.Debug|Any CPU.ActiveCfg = Debug|Any CPU
		{2C5F47CE-E161-48ED-907F-B97B558F46A5}.Debug|Any CPU.Build.0 = Debug|Any CPU
		{2C5F47CE-E161-48ED-907F-B97B558F46A5}.Debug|x64.ActiveCfg = Debug|Any CPU
		{2C5F47CE-E161-48ED-907F-B97B558F46A5}.Debug|x64.Build.0 = Debug|Any CPU
		{2C5F47CE-E161-48ED-907F-B97B558F46A5}.Debug|x86.ActiveCfg = Debug|Any CPU
		{2C5F47CE-E161-48ED-907F-B97B558F46A5}.Debug|x86.Build.0 = Debug|Any CPU
		{2C5F47CE-E161-48ED-907F-B97B558F46A5}.Release|Any CPU.ActiveCfg = Release|Any CPU
		{2C5F47CE-E161-48ED-907F-B97B558F46A5}.Release|Any CPU.Build.0 = Release|Any CPU
		{2C5F47CE-E161-48ED-907F-B97B558F46A5}.Release|x64.ActiveCfg = Release|Any CPU
		{2C5F47CE-E161-48ED-907F-B97B558F46A5}.Release|x64.Build.0 = Release|Any CPU
		{2C5F47CE-E161-48ED-907F-B97B558F46A5}.Release|x86.ActiveCfg = Release|Any CPU
		{2C5F47CE-E161-48ED-907F-B97B558F46A5}.Release|x86.Build.0 = Release|Any CPU
		{D7FFA0D7-B648-43EC-B290-E94E10CD50C1}.All|Any CPU.ActiveCfg = Debug|Any CPU
		{D7FFA0D7-B648-43EC-B290-E94E10CD50C1}.All|Any CPU.Build.0 = Debug|Any CPU
		{D7FFA0D7-B648-43EC-B290-E94E10CD50C1}.All|x64.ActiveCfg = Debug|Any CPU
		{D7FFA0D7-B648-43EC-B290-E94E10CD50C1}.All|x64.Build.0 = Debug|Any CPU
		{D7FFA0D7-B648-43EC-B290-E94E10CD50C1}.All|x86.ActiveCfg = Debug|Any CPU
		{D7FFA0D7-B648-43EC-B290-E94E10CD50C1}.All|x86.Build.0 = Debug|Any CPU
		{D7FFA0D7-B648-43EC-B290-E94E10CD50C1}.Debug|Any CPU.ActiveCfg = Debug|Any CPU
		{D7FFA0D7-B648-43EC-B290-E94E10CD50C1}.Debug|Any CPU.Build.0 = Debug|Any CPU
		{D7FFA0D7-B648-43EC-B290-E94E10CD50C1}.Debug|x64.ActiveCfg = Debug|Any CPU
		{D7FFA0D7-B648-43EC-B290-E94E10CD50C1}.Debug|x64.Build.0 = Debug|Any CPU
		{D7FFA0D7-B648-43EC-B290-E94E10CD50C1}.Debug|x86.ActiveCfg = Debug|Any CPU
		{D7FFA0D7-B648-43EC-B290-E94E10CD50C1}.Debug|x86.Build.0 = Debug|Any CPU
		{D7FFA0D7-B648-43EC-B290-E94E10CD50C1}.Release|Any CPU.ActiveCfg = Release|Any CPU
		{D7FFA0D7-B648-43EC-B290-E94E10CD50C1}.Release|Any CPU.Build.0 = Release|Any CPU
		{D7FFA0D7-B648-43EC-B290-E94E10CD50C1}.Release|x64.ActiveCfg = Release|Any CPU
		{D7FFA0D7-B648-43EC-B290-E94E10CD50C1}.Release|x64.Build.0 = Release|Any CPU
		{D7FFA0D7-B648-43EC-B290-E94E10CD50C1}.Release|x86.ActiveCfg = Release|Any CPU
		{D7FFA0D7-B648-43EC-B290-E94E10CD50C1}.Release|x86.Build.0 = Release|Any CPU
		{1AABF6EC-8CE6-4B2B-9E0B-AF36D06111B2}.All|Any CPU.ActiveCfg = Debug|Any CPU
		{1AABF6EC-8CE6-4B2B-9E0B-AF36D06111B2}.All|Any CPU.Build.0 = Debug|Any CPU
		{1AABF6EC-8CE6-4B2B-9E0B-AF36D06111B2}.All|x64.ActiveCfg = Debug|Any CPU
		{1AABF6EC-8CE6-4B2B-9E0B-AF36D06111B2}.All|x64.Build.0 = Debug|Any CPU
		{1AABF6EC-8CE6-4B2B-9E0B-AF36D06111B2}.All|x86.ActiveCfg = Debug|Any CPU
		{1AABF6EC-8CE6-4B2B-9E0B-AF36D06111B2}.All|x86.Build.0 = Debug|Any CPU
		{1AABF6EC-8CE6-4B2B-9E0B-AF36D06111B2}.Debug|Any CPU.ActiveCfg = Debug|Any CPU
		{1AABF6EC-8CE6-4B2B-9E0B-AF36D06111B2}.Debug|Any CPU.Build.0 = Debug|Any CPU
		{1AABF6EC-8CE6-4B2B-9E0B-AF36D06111B2}.Debug|x64.ActiveCfg = Debug|Any CPU
		{1AABF6EC-8CE6-4B2B-9E0B-AF36D06111B2}.Debug|x64.Build.0 = Debug|Any CPU
		{1AABF6EC-8CE6-4B2B-9E0B-AF36D06111B2}.Debug|x86.ActiveCfg = Debug|Any CPU
		{1AABF6EC-8CE6-4B2B-9E0B-AF36D06111B2}.Debug|x86.Build.0 = Debug|Any CPU
		{1AABF6EC-8CE6-4B2B-9E0B-AF36D06111B2}.Release|Any CPU.ActiveCfg = Release|Any CPU
		{1AABF6EC-8CE6-4B2B-9E0B-AF36D06111B2}.Release|Any CPU.Build.0 = Release|Any CPU
		{1AABF6EC-8CE6-4B2B-9E0B-AF36D06111B2}.Release|x64.ActiveCfg = Release|Any CPU
		{1AABF6EC-8CE6-4B2B-9E0B-AF36D06111B2}.Release|x64.Build.0 = Release|Any CPU
		{1AABF6EC-8CE6-4B2B-9E0B-AF36D06111B2}.Release|x86.ActiveCfg = Release|Any CPU
		{1AABF6EC-8CE6-4B2B-9E0B-AF36D06111B2}.Release|x86.Build.0 = Release|Any CPU
		{4BAF30F9-F656-493C-84B9-34FC4CFEB8B8}.All|Any CPU.ActiveCfg = Debug|Any CPU
		{4BAF30F9-F656-493C-84B9-34FC4CFEB8B8}.All|Any CPU.Build.0 = Debug|Any CPU
		{4BAF30F9-F656-493C-84B9-34FC4CFEB8B8}.All|x64.ActiveCfg = Debug|Any CPU
		{4BAF30F9-F656-493C-84B9-34FC4CFEB8B8}.All|x64.Build.0 = Debug|Any CPU
		{4BAF30F9-F656-493C-84B9-34FC4CFEB8B8}.All|x86.ActiveCfg = Debug|Any CPU
		{4BAF30F9-F656-493C-84B9-34FC4CFEB8B8}.All|x86.Build.0 = Debug|Any CPU
		{4BAF30F9-F656-493C-84B9-34FC4CFEB8B8}.Debug|Any CPU.ActiveCfg = Debug|Any CPU
		{4BAF30F9-F656-493C-84B9-34FC4CFEB8B8}.Debug|Any CPU.Build.0 = Debug|Any CPU
		{4BAF30F9-F656-493C-84B9-34FC4CFEB8B8}.Debug|x64.ActiveCfg = Debug|Any CPU
		{4BAF30F9-F656-493C-84B9-34FC4CFEB8B8}.Debug|x64.Build.0 = Debug|Any CPU
		{4BAF30F9-F656-493C-84B9-34FC4CFEB8B8}.Debug|x86.ActiveCfg = Debug|Any CPU
		{4BAF30F9-F656-493C-84B9-34FC4CFEB8B8}.Debug|x86.Build.0 = Debug|Any CPU
		{4BAF30F9-F656-493C-84B9-34FC4CFEB8B8}.Release|Any CPU.ActiveCfg = Release|Any CPU
		{4BAF30F9-F656-493C-84B9-34FC4CFEB8B8}.Release|Any CPU.Build.0 = Release|Any CPU
		{4BAF30F9-F656-493C-84B9-34FC4CFEB8B8}.Release|x64.ActiveCfg = Release|Any CPU
		{4BAF30F9-F656-493C-84B9-34FC4CFEB8B8}.Release|x64.Build.0 = Release|Any CPU
		{4BAF30F9-F656-493C-84B9-34FC4CFEB8B8}.Release|x86.ActiveCfg = Release|Any CPU
		{4BAF30F9-F656-493C-84B9-34FC4CFEB8B8}.Release|x86.Build.0 = Release|Any CPU
		{BB1193EC-4836-4850-A4C4-0CD639EC39F5}.All|Any CPU.ActiveCfg = Debug|Any CPU
		{BB1193EC-4836-4850-A4C4-0CD639EC39F5}.All|Any CPU.Build.0 = Debug|Any CPU
		{BB1193EC-4836-4850-A4C4-0CD639EC39F5}.All|x64.ActiveCfg = Debug|x64
		{BB1193EC-4836-4850-A4C4-0CD639EC39F5}.All|x64.Build.0 = Debug|x64
		{BB1193EC-4836-4850-A4C4-0CD639EC39F5}.All|x86.ActiveCfg = Debug|x86
		{BB1193EC-4836-4850-A4C4-0CD639EC39F5}.All|x86.Build.0 = Debug|x86
		{BB1193EC-4836-4850-A4C4-0CD639EC39F5}.Debug|Any CPU.ActiveCfg = Debug|Any CPU
		{BB1193EC-4836-4850-A4C4-0CD639EC39F5}.Debug|Any CPU.Build.0 = Debug|Any CPU
		{BB1193EC-4836-4850-A4C4-0CD639EC39F5}.Debug|x64.ActiveCfg = Debug|x64
		{BB1193EC-4836-4850-A4C4-0CD639EC39F5}.Debug|x64.Build.0 = Debug|x64
		{BB1193EC-4836-4850-A4C4-0CD639EC39F5}.Debug|x86.ActiveCfg = Debug|x86
		{BB1193EC-4836-4850-A4C4-0CD639EC39F5}.Debug|x86.Build.0 = Debug|x86
		{BB1193EC-4836-4850-A4C4-0CD639EC39F5}.Release|Any CPU.ActiveCfg = Release|Any CPU
		{BB1193EC-4836-4850-A4C4-0CD639EC39F5}.Release|Any CPU.Build.0 = Release|Any CPU
		{BB1193EC-4836-4850-A4C4-0CD639EC39F5}.Release|x64.ActiveCfg = Release|x64
		{BB1193EC-4836-4850-A4C4-0CD639EC39F5}.Release|x64.Build.0 = Release|x64
		{BB1193EC-4836-4850-A4C4-0CD639EC39F5}.Release|x86.ActiveCfg = Release|x86
		{BB1193EC-4836-4850-A4C4-0CD639EC39F5}.Release|x86.Build.0 = Release|x86
		{3C3897DE-F23C-435B-ACB2-242D72A1E74F}.All|Any CPU.ActiveCfg = Debug|Any CPU
		{3C3897DE-F23C-435B-ACB2-242D72A1E74F}.All|Any CPU.Build.0 = Debug|Any CPU
		{3C3897DE-F23C-435B-ACB2-242D72A1E74F}.All|x64.ActiveCfg = Debug|x64
		{3C3897DE-F23C-435B-ACB2-242D72A1E74F}.All|x64.Build.0 = Debug|x64
		{3C3897DE-F23C-435B-ACB2-242D72A1E74F}.All|x86.ActiveCfg = Debug|x86
		{3C3897DE-F23C-435B-ACB2-242D72A1E74F}.All|x86.Build.0 = Debug|x86
		{3C3897DE-F23C-435B-ACB2-242D72A1E74F}.Debug|Any CPU.ActiveCfg = Debug|Any CPU
		{3C3897DE-F23C-435B-ACB2-242D72A1E74F}.Debug|Any CPU.Build.0 = Debug|Any CPU
		{3C3897DE-F23C-435B-ACB2-242D72A1E74F}.Debug|x64.ActiveCfg = Debug|x64
		{3C3897DE-F23C-435B-ACB2-242D72A1E74F}.Debug|x64.Build.0 = Debug|x64
		{3C3897DE-F23C-435B-ACB2-242D72A1E74F}.Debug|x86.ActiveCfg = Debug|x86
		{3C3897DE-F23C-435B-ACB2-242D72A1E74F}.Debug|x86.Build.0 = Debug|x86
		{3C3897DE-F23C-435B-ACB2-242D72A1E74F}.Release|Any CPU.ActiveCfg = Release|Any CPU
		{3C3897DE-F23C-435B-ACB2-242D72A1E74F}.Release|Any CPU.Build.0 = Release|Any CPU
		{3C3897DE-F23C-435B-ACB2-242D72A1E74F}.Release|x64.ActiveCfg = Release|x64
		{3C3897DE-F23C-435B-ACB2-242D72A1E74F}.Release|x64.Build.0 = Release|x64
		{3C3897DE-F23C-435B-ACB2-242D72A1E74F}.Release|x86.ActiveCfg = Release|x86
		{3C3897DE-F23C-435B-ACB2-242D72A1E74F}.Release|x86.Build.0 = Release|x86
		{25E4CC8C-024E-45C1-86BA-DFC019A9D8A3}.All|Any CPU.ActiveCfg = Debug|Any CPU
		{25E4CC8C-024E-45C1-86BA-DFC019A9D8A3}.All|Any CPU.Build.0 = Debug|Any CPU
		{25E4CC8C-024E-45C1-86BA-DFC019A9D8A3}.All|x64.ActiveCfg = Debug|Any CPU
		{25E4CC8C-024E-45C1-86BA-DFC019A9D8A3}.All|x64.Build.0 = Debug|Any CPU
		{25E4CC8C-024E-45C1-86BA-DFC019A9D8A3}.All|x86.ActiveCfg = Debug|Any CPU
		{25E4CC8C-024E-45C1-86BA-DFC019A9D8A3}.All|x86.Build.0 = Debug|Any CPU
		{25E4CC8C-024E-45C1-86BA-DFC019A9D8A3}.Debug|Any CPU.ActiveCfg = Debug|Any CPU
		{25E4CC8C-024E-45C1-86BA-DFC019A9D8A3}.Debug|Any CPU.Build.0 = Debug|Any CPU
		{25E4CC8C-024E-45C1-86BA-DFC019A9D8A3}.Debug|x64.ActiveCfg = Debug|Any CPU
		{25E4CC8C-024E-45C1-86BA-DFC019A9D8A3}.Debug|x64.Build.0 = Debug|Any CPU
		{25E4CC8C-024E-45C1-86BA-DFC019A9D8A3}.Debug|x86.ActiveCfg = Debug|Any CPU
		{25E4CC8C-024E-45C1-86BA-DFC019A9D8A3}.Debug|x86.Build.0 = Debug|Any CPU
		{25E4CC8C-024E-45C1-86BA-DFC019A9D8A3}.Release|Any CPU.ActiveCfg = Release|Any CPU
		{25E4CC8C-024E-45C1-86BA-DFC019A9D8A3}.Release|Any CPU.Build.0 = Release|Any CPU
		{25E4CC8C-024E-45C1-86BA-DFC019A9D8A3}.Release|x64.ActiveCfg = Release|Any CPU
		{25E4CC8C-024E-45C1-86BA-DFC019A9D8A3}.Release|x64.Build.0 = Release|Any CPU
		{25E4CC8C-024E-45C1-86BA-DFC019A9D8A3}.Release|x86.ActiveCfg = Release|Any CPU
		{25E4CC8C-024E-45C1-86BA-DFC019A9D8A3}.Release|x86.Build.0 = Release|Any CPU
		{3D9A8549-A7A8-4DF9-829E-AEAE7ECACACA}.All|Any CPU.ActiveCfg = Debug|Any CPU
		{3D9A8549-A7A8-4DF9-829E-AEAE7ECACACA}.All|Any CPU.Build.0 = Debug|Any CPU
		{3D9A8549-A7A8-4DF9-829E-AEAE7ECACACA}.All|x64.ActiveCfg = Debug|x64
		{3D9A8549-A7A8-4DF9-829E-AEAE7ECACACA}.All|x64.Build.0 = Debug|x64
		{3D9A8549-A7A8-4DF9-829E-AEAE7ECACACA}.All|x86.ActiveCfg = Debug|x86
		{3D9A8549-A7A8-4DF9-829E-AEAE7ECACACA}.All|x86.Build.0 = Debug|x86
		{3D9A8549-A7A8-4DF9-829E-AEAE7ECACACA}.Debug|Any CPU.ActiveCfg = Debug|Any CPU
		{3D9A8549-A7A8-4DF9-829E-AEAE7ECACACA}.Debug|Any CPU.Build.0 = Debug|Any CPU
		{3D9A8549-A7A8-4DF9-829E-AEAE7ECACACA}.Debug|x64.ActiveCfg = Debug|x64
		{3D9A8549-A7A8-4DF9-829E-AEAE7ECACACA}.Debug|x64.Build.0 = Debug|x64
		{3D9A8549-A7A8-4DF9-829E-AEAE7ECACACA}.Debug|x86.ActiveCfg = Debug|x86
		{3D9A8549-A7A8-4DF9-829E-AEAE7ECACACA}.Debug|x86.Build.0 = Debug|x86
		{3D9A8549-A7A8-4DF9-829E-AEAE7ECACACA}.Release|Any CPU.ActiveCfg = Release|Any CPU
		{3D9A8549-A7A8-4DF9-829E-AEAE7ECACACA}.Release|Any CPU.Build.0 = Release|Any CPU
		{3D9A8549-A7A8-4DF9-829E-AEAE7ECACACA}.Release|x64.ActiveCfg = Release|x64
		{3D9A8549-A7A8-4DF9-829E-AEAE7ECACACA}.Release|x64.Build.0 = Release|x64
		{3D9A8549-A7A8-4DF9-829E-AEAE7ECACACA}.Release|x86.ActiveCfg = Release|x86
		{3D9A8549-A7A8-4DF9-829E-AEAE7ECACACA}.Release|x86.Build.0 = Release|x86
		{1BACD151-60F3-4E6E-84A0-610DB1DC97DC}.All|Any CPU.ActiveCfg = Debug|Any CPU
		{1BACD151-60F3-4E6E-84A0-610DB1DC97DC}.All|Any CPU.Build.0 = Debug|Any CPU
		{1BACD151-60F3-4E6E-84A0-610DB1DC97DC}.All|x64.ActiveCfg = Debug|Any CPU
		{1BACD151-60F3-4E6E-84A0-610DB1DC97DC}.All|x64.Build.0 = Debug|Any CPU
		{1BACD151-60F3-4E6E-84A0-610DB1DC97DC}.All|x86.ActiveCfg = Debug|Any CPU
		{1BACD151-60F3-4E6E-84A0-610DB1DC97DC}.All|x86.Build.0 = Debug|Any CPU
		{1BACD151-60F3-4E6E-84A0-610DB1DC97DC}.Debug|Any CPU.ActiveCfg = Debug|Any CPU
		{1BACD151-60F3-4E6E-84A0-610DB1DC97DC}.Debug|Any CPU.Build.0 = Debug|Any CPU
		{1BACD151-60F3-4E6E-84A0-610DB1DC97DC}.Debug|x64.ActiveCfg = Debug|Any CPU
		{1BACD151-60F3-4E6E-84A0-610DB1DC97DC}.Debug|x64.Build.0 = Debug|Any CPU
		{1BACD151-60F3-4E6E-84A0-610DB1DC97DC}.Debug|x86.ActiveCfg = Debug|Any CPU
		{1BACD151-60F3-4E6E-84A0-610DB1DC97DC}.Debug|x86.Build.0 = Debug|Any CPU
		{1BACD151-60F3-4E6E-84A0-610DB1DC97DC}.Release|Any CPU.ActiveCfg = Release|Any CPU
		{1BACD151-60F3-4E6E-84A0-610DB1DC97DC}.Release|Any CPU.Build.0 = Release|Any CPU
		{1BACD151-60F3-4E6E-84A0-610DB1DC97DC}.Release|x64.ActiveCfg = Release|Any CPU
		{1BACD151-60F3-4E6E-84A0-610DB1DC97DC}.Release|x64.Build.0 = Release|Any CPU
		{1BACD151-60F3-4E6E-84A0-610DB1DC97DC}.Release|x86.ActiveCfg = Release|Any CPU
		{1BACD151-60F3-4E6E-84A0-610DB1DC97DC}.Release|x86.Build.0 = Release|Any CPU
	EndGlobalSection
	GlobalSection(SolutionProperties) = preSolution
		HideSolutionNode = FALSE
	EndGlobalSection
	GlobalSection(ExtensibilityGlobals) = postSolution
		SolutionGuid = {0B308959-4A79-48B1-B4C5-0D8FEB34EC6D}
	EndGlobalSection
EndGlobal
