
Microsoft Visual Studio Solution File, Format Version 12.00
# Visual Studio Version 17
VisualStudioVersion = 17.10.35013.160
MinimumVisualStudioVersion = 10.0.40219.1
Project("{9A19103F-16F7-4668-BE54-9A1E7A4F7556}") = "VNC.VSTOAddin", "VNC.VSTOAddin\VNC.VSTOAddin.csproj", "{E7825CD9-B6DC-4685-8D35-DF2F4E2823BE}"
EndProject
Project("{9A19103F-16F7-4668-BE54-9A1E7A4F7556}") = "VNC.Core", "..\VNCDevelopment\VNC.Core\VNC.Core.csproj", "{1BACD151-60F3-4E6E-84A0-610DB1DC97DC}"
EndProject
Project("{2150E333-8FDC-42A3-9474-1A3956D46DE8}") = "Excel", "Excel", "{02EA681E-C7D8-13C7-8484-4AC65E1B71E8}"
EndProject
Project("{2150E333-8FDC-42A3-9474-1A3956D46DE8}") = "Visio", "Visio", "{1FE3A8CF-0F5C-4B63-96B5-9F104183C57E}"
EndProject
Project("{2150E333-8FDC-42A3-9474-1A3956D46DE8}") = "Legacy", "Legacy", "{88621A25-8DE9-427C-943B-B853DBE886C1}"
EndProject
Project("{FAE04EC0-301F-11D3-BF4B-00C04F79EFBC}") = "VNCVisioTools", "VNCVisioTools\VNCVisioTools\VNCVisioTools.csproj", "{A985CC14-8A73-4977-94E8-6E1653737A5A}"
EndProject
Project("{FAE04EC0-301F-11D3-BF4B-00C04F79EFBC}") = "VNCVisioToolsApplication", "VNCVisioTools\VNCVisioToolsApplication\VNCVisioToolsApplication.csproj", "{3833D63D-46E0-1B92-6CA6-CD42ABEF76AA}"
EndProject
Project("{FAE04EC0-301F-11D3-BF4B-00C04F79EFBC}") = "VNCVisioToolsApplication.Core", "VNCVisioTools\VNCVisioToolsApplication.Core\VNCVisioToolsApplication.Core.csproj", "{2DCD2DFA-5D43-2217-2A3D-6DB6915D5204}"
EndProject
Project("{FAE04EC0-301F-11D3-BF4B-00C04F79EFBC}") = "VNC.Logging", "..\VNCDevelopment\VNC.Logging\VNC.Logging\VNC.Logging.csproj", "{411D88A8-88BD-7BA9-D340-5B03432C0EC3}"
EndProject
Project("{FAE04EC0-301F-11D3-BF4B-00C04F79EFBC}") = "VNC.VSTOAddIn.Visio", "VNC.VSTOAddin.Visio\VNC.VSTOAddIn.Visio.csproj", "{D76FA9CE-850A-C766-6396-6DF38D767B17}"
EndProject
Project("{FAE04EC0-301F-11D3-BF4B-00C04F79EFBC}") = "VNC.VSTOAddin.Excel", "VNC.VSTOAddIn.Excel\VNC.VSTOAddin.Excel.csproj", "{BC786E2B-0A93-3B02-4328-78AD01BB131E}"
EndProject
Project("{FAE04EC0-301F-11D3-BF4B-00C04F79EFBC}") = "VisioAddIn1", "VisioAddIn1\VisioAddIn1.csproj", "{E171BD7A-3645-4A75-ABE7-1D0BE5593D63}"
EndProject
Project("{FAE04EC0-301F-11D3-BF4B-00C04F79EFBC}") = "VNCExcelTools", "VNCExcelTools\VNCExcelTools\VNCExcelTools.csproj", "{A29A8CE7-050B-4A76-81C3-574BF65E95D0}"
EndProject
Project("{FAE04EC0-301F-11D3-BF4B-00C04F79EFBC}") = "VNCExcelToolsApplication.Core", "VNCExcelTools\VNCExcelToolsApplication.Core\VNCExcelToolsApplication.Core.csproj", "{B4E62D54-7D96-43B0-AC2A-2CB8430D809D}"
EndProject
Project("{FAE04EC0-301F-11D3-BF4B-00C04F79EFBC}") = "VNC.WPF.Presentation", "..\VNCDevelopment\VNC.WPF.Presentation\VNC.WPF.Presentation.csproj", "{0B18CEF6-CC89-314C-9959-CB37F855DE43}"
EndProject
Project("{FAE04EC0-301F-11D3-BF4B-00C04F79EFBC}") = "VNC.UIApproaches", "..\VNCDevelopment\VNC.UIApproaches\VNC.UIApproaches.csproj", "{426C7F6A-33CF-DC1B-5C54-194EF83F8F23}"
EndProject
Project("{FAE04EC0-301F-11D3-BF4B-00C04F79EFBC}") = "VNCExcelToolsApplication", "VNCExcelTools\VNCExcelToolsApplication\VNCExcelToolsApplication.csproj", "{0178A465-8459-44D3-B279-52BD3BCBB7A1}"
EndProject
Global
	GlobalSection(SolutionConfigurationPlatforms) = preSolution
		All|Any CPU = All|Any CPU
		All|x64 = All|x64
		All|x86 = All|x86
		Debug|Any CPU = Debug|Any CPU
		Debug|x64 = Debug|x64
		Debug|x86 = Debug|x86
		Release|Any CPU = Release|Any CPU
		Release|x64 = Release|x64
		Release|x86 = Release|x86
	EndGlobalSection
	GlobalSection(ProjectConfigurationPlatforms) = postSolution
		{E7825CD9-B6DC-4685-8D35-DF2F4E2823BE}.All|Any CPU.ActiveCfg = Debug|Any CPU
		{E7825CD9-B6DC-4685-8D35-DF2F4E2823BE}.All|Any CPU.Build.0 = Debug|Any CPU
		{E7825CD9-B6DC-4685-8D35-DF2F4E2823BE}.All|x64.ActiveCfg = Debug|Any CPU
		{E7825CD9-B6DC-4685-8D35-DF2F4E2823BE}.All|x64.Build.0 = Debug|Any CPU
		{E7825CD9-B6DC-4685-8D35-DF2F4E2823BE}.All|x86.ActiveCfg = Debug|Any CPU
		{E7825CD9-B6DC-4685-8D35-DF2F4E2823BE}.All|x86.Build.0 = Debug|Any CPU
		{E7825CD9-B6DC-4685-8D35-DF2F4E2823BE}.Debug|Any CPU.ActiveCfg = Debug|Any CPU
		{E7825CD9-B6DC-4685-8D35-DF2F4E2823BE}.Debug|Any CPU.Build.0 = Debug|Any CPU
		{E7825CD9-B6DC-4685-8D35-DF2F4E2823BE}.Debug|x64.ActiveCfg = Debug|Any CPU
		{E7825CD9-B6DC-4685-8D35-DF2F4E2823BE}.Debug|x64.Build.0 = Debug|Any CPU
		{E7825CD9-B6DC-4685-8D35-DF2F4E2823BE}.Debug|x86.ActiveCfg = Debug|Any CPU
		{E7825CD9-B6DC-4685-8D35-DF2F4E2823BE}.Debug|x86.Build.0 = Debug|Any CPU
		{E7825CD9-B6DC-4685-8D35-DF2F4E2823BE}.Release|Any CPU.ActiveCfg = Release|Any CPU
		{E7825CD9-B6DC-4685-8D35-DF2F4E2823BE}.Release|Any CPU.Build.0 = Release|Any CPU
		{E7825CD9-B6DC-4685-8D35-DF2F4E2823BE}.Release|x64.ActiveCfg = Release|Any CPU
		{E7825CD9-B6DC-4685-8D35-DF2F4E2823BE}.Release|x64.Build.0 = Release|Any CPU
		{E7825CD9-B6DC-4685-8D35-DF2F4E2823BE}.Release|x86.ActiveCfg = Release|Any CPU
		{E7825CD9-B6DC-4685-8D35-DF2F4E2823BE}.Release|x86.Build.0 = Release|Any CPU
		{1BACD151-60F3-4E6E-84A0-610DB1DC97DC}.All|Any CPU.ActiveCfg = Debug|Any CPU
		{1BACD151-60F3-4E6E-84A0-610DB1DC97DC}.All|Any CPU.Build.0 = Debug|Any CPU
		{1BACD151-60F3-4E6E-84A0-610DB1DC97DC}.All|x64.ActiveCfg = Debug|Any CPU
		{1BACD151-60F3-4E6E-84A0-610DB1DC97DC}.All|x64.Build.0 = Debug|Any CPU
		{1BACD151-60F3-4E6E-84A0-610DB1DC97DC}.All|x86.ActiveCfg = Debug|Any CPU
		{1BACD151-60F3-4E6E-84A0-610DB1DC97DC}.All|x86.Build.0 = Debug|Any CPU
		{1BACD151-60F3-4E6E-84A0-610DB1DC97DC}.Debug|Any CPU.ActiveCfg = Debug|Any CPU
		{1BACD151-60F3-4E6E-84A0-610DB1DC97DC}.Debug|Any CPU.Build.0 = Debug|Any CPU
		{1BACD151-60F3-4E6E-84A0-610DB1DC97DC}.Debug|x64.ActiveCfg = Debug|Any CPU
		{1BACD151-60F3-4E6E-84A0-610DB1DC97DC}.Debug|x64.Build.0 = Debug|Any CPU
		{1BACD151-60F3-4E6E-84A0-610DB1DC97DC}.Debug|x86.ActiveCfg = Debug|Any CPU
		{1BACD151-60F3-4E6E-84A0-610DB1DC97DC}.Debug|x86.Build.0 = Debug|Any CPU
		{1BACD151-60F3-4E6E-84A0-610DB1DC97DC}.Release|Any CPU.ActiveCfg = Release|Any CPU
		{1BACD151-60F3-4E6E-84A0-610DB1DC97DC}.Release|Any CPU.Build.0 = Release|Any CPU
		{1BACD151-60F3-4E6E-84A0-610DB1DC97DC}.Release|x64.ActiveCfg = Release|Any CPU
		{1BACD151-60F3-4E6E-84A0-610DB1DC97DC}.Release|x64.Build.0 = Release|Any CPU
		{1BACD151-60F3-4E6E-84A0-610DB1DC97DC}.Release|x86.ActiveCfg = Release|Any CPU
		{1BACD151-60F3-4E6E-84A0-610DB1DC97DC}.Release|x86.Build.0 = Release|Any CPU
		{A985CC14-8A73-4977-94E8-6E1653737A5A}.All|Any CPU.ActiveCfg = Debug|Any CPU
		{A985CC14-8A73-4977-94E8-6E1653737A5A}.All|Any CPU.Build.0 = Debug|Any CPU
		{A985CC14-8A73-4977-94E8-6E1653737A5A}.All|x64.ActiveCfg = Debug|Any CPU
		{A985CC14-8A73-4977-94E8-6E1653737A5A}.All|x64.Build.0 = Debug|Any CPU
		{A985CC14-8A73-4977-94E8-6E1653737A5A}.All|x86.ActiveCfg = Debug|Any CPU
		{A985CC14-8A73-4977-94E8-6E1653737A5A}.All|x86.Build.0 = Debug|Any CPU
		{A985CC14-8A73-4977-94E8-6E1653737A5A}.Debug|Any CPU.ActiveCfg = Debug|Any CPU
		{A985CC14-8A73-4977-94E8-6E1653737A5A}.Debug|Any CPU.Build.0 = Debug|Any CPU
		{A985CC14-8A73-4977-94E8-6E1653737A5A}.Debug|x64.ActiveCfg = Debug|Any CPU
		{A985CC14-8A73-4977-94E8-6E1653737A5A}.Debug|x64.Build.0 = Debug|Any CPU
		{A985CC14-8A73-4977-94E8-6E1653737A5A}.Debug|x86.ActiveCfg = Debug|Any CPU
		{A985CC14-8A73-4977-94E8-6E1653737A5A}.Debug|x86.Build.0 = Debug|Any CPU
		{A985CC14-8A73-4977-94E8-6E1653737A5A}.Release|Any CPU.ActiveCfg = Release|Any CPU
		{A985CC14-8A73-4977-94E8-6E1653737A5A}.Release|Any CPU.Build.0 = Release|Any CPU
		{A985CC14-8A73-4977-94E8-6E1653737A5A}.Release|x64.ActiveCfg = Release|Any CPU
		{A985CC14-8A73-4977-94E8-6E1653737A5A}.Release|x64.Build.0 = Release|Any CPU
		{A985CC14-8A73-4977-94E8-6E1653737A5A}.Release|x86.ActiveCfg = Release|Any CPU
		{A985CC14-8A73-4977-94E8-6E1653737A5A}.Release|x86.Build.0 = Release|Any CPU
		{3833D63D-46E0-1B92-6CA6-CD42ABEF76AA}.All|Any CPU.ActiveCfg = Debug|Any CPU
		{3833D63D-46E0-1B92-6CA6-CD42ABEF76AA}.All|Any CPU.Build.0 = Debug|Any CPU
		{3833D63D-46E0-1B92-6CA6-CD42ABEF76AA}.All|x64.ActiveCfg = Debug|Any CPU
		{3833D63D-46E0-1B92-6CA6-CD42ABEF76AA}.All|x64.Build.0 = Debug|Any CPU
		{3833D63D-46E0-1B92-6CA6-CD42ABEF76AA}.All|x86.ActiveCfg = Debug|Any CPU
		{3833D63D-46E0-1B92-6CA6-CD42ABEF76AA}.All|x86.Build.0 = Debug|Any CPU
		{3833D63D-46E0-1B92-6CA6-CD42ABEF76AA}.Debug|Any CPU.ActiveCfg = Debug|Any CPU
		{3833D63D-46E0-1B92-6CA6-CD42ABEF76AA}.Debug|Any CPU.Build.0 = Debug|Any CPU
		{3833D63D-46E0-1B92-6CA6-CD42ABEF76AA}.Debug|x64.ActiveCfg = Debug|Any CPU
		{3833D63D-46E0-1B92-6CA6-CD42ABEF76AA}.Debug|x64.Build.0 = Debug|Any CPU
		{3833D63D-46E0-1B92-6CA6-CD42ABEF76AA}.Debug|x86.ActiveCfg = Debug|Any CPU
		{3833D63D-46E0-1B92-6CA6-CD42ABEF76AA}.Debug|x86.Build.0 = Debug|Any CPU
		{3833D63D-46E0-1B92-6CA6-CD42ABEF76AA}.Release|Any CPU.ActiveCfg = Release|Any CPU
		{3833D63D-46E0-1B92-6CA6-CD42ABEF76AA}.Release|Any CPU.Build.0 = Release|Any CPU
		{3833D63D-46E0-1B92-6CA6-CD42ABEF76AA}.Release|x64.ActiveCfg = Release|Any CPU
		{3833D63D-46E0-1B92-6CA6-CD42ABEF76AA}.Release|x64.Build.0 = Release|Any CPU
		{3833D63D-46E0-1B92-6CA6-CD42ABEF76AA}.Release|x86.ActiveCfg = Release|Any CPU
		{3833D63D-46E0-1B92-6CA6-CD42ABEF76AA}.Release|x86.Build.0 = Release|Any CPU
		{2DCD2DFA-5D43-2217-2A3D-6DB6915D5204}.All|Any CPU.ActiveCfg = Debug|Any CPU
		{2DCD2DFA-5D43-2217-2A3D-6DB6915D5204}.All|Any CPU.Build.0 = Debug|Any CPU
		{2DCD2DFA-5D43-2217-2A3D-6DB6915D5204}.All|x64.ActiveCfg = Debug|Any CPU
		{2DCD2DFA-5D43-2217-2A3D-6DB6915D5204}.All|x64.Build.0 = Debug|Any CPU
		{2DCD2DFA-5D43-2217-2A3D-6DB6915D5204}.All|x86.ActiveCfg = Debug|Any CPU
		{2DCD2DFA-5D43-2217-2A3D-6DB6915D5204}.All|x86.Build.0 = Debug|Any CPU
		{2DCD2DFA-5D43-2217-2A3D-6DB6915D5204}.Debug|Any CPU.ActiveCfg = Debug|Any CPU
		{2DCD2DFA-5D43-2217-2A3D-6DB6915D5204}.Debug|Any CPU.Build.0 = Debug|Any CPU
		{2DCD2DFA-5D43-2217-2A3D-6DB6915D5204}.Debug|x64.ActiveCfg = Debug|Any CPU
		{2DCD2DFA-5D43-2217-2A3D-6DB6915D5204}.Debug|x64.Build.0 = Debug|Any CPU
		{2DCD2DFA-5D43-2217-2A3D-6DB6915D5204}.Debug|x86.ActiveCfg = Debug|Any CPU
		{2DCD2DFA-5D43-2217-2A3D-6DB6915D5204}.Debug|x86.Build.0 = Debug|Any CPU
		{2DCD2DFA-5D43-2217-2A3D-6DB6915D5204}.Release|Any CPU.ActiveCfg = Release|Any CPU
		{2DCD2DFA-5D43-2217-2A3D-6DB6915D5204}.Release|Any CPU.Build.0 = Release|Any CPU
		{2DCD2DFA-5D43-2217-2A3D-6DB6915D5204}.Release|x64.ActiveCfg = Release|Any CPU
		{2DCD2DFA-5D43-2217-2A3D-6DB6915D5204}.Release|x64.Build.0 = Release|Any CPU
		{2DCD2DFA-5D43-2217-2A3D-6DB6915D5204}.Release|x86.ActiveCfg = Release|Any CPU
		{2DCD2DFA-5D43-2217-2A3D-6DB6915D5204}.Release|x86.Build.0 = Release|Any CPU
		{411D88A8-88BD-7BA9-D340-5B03432C0EC3}.All|Any CPU.ActiveCfg = Debug|Any CPU
		{411D88A8-88BD-7BA9-D340-5B03432C0EC3}.All|Any CPU.Build.0 = Debug|Any CPU
		{411D88A8-88BD-7BA9-D340-5B03432C0EC3}.All|x64.ActiveCfg = Debug|Any CPU
		{411D88A8-88BD-7BA9-D340-5B03432C0EC3}.All|x64.Build.0 = Debug|Any CPU
		{411D88A8-88BD-7BA9-D340-5B03432C0EC3}.All|x86.ActiveCfg = Debug|Any CPU
		{411D88A8-88BD-7BA9-D340-5B03432C0EC3}.All|x86.Build.0 = Debug|Any CPU
		{411D88A8-88BD-7BA9-D340-5B03432C0EC3}.Debug|Any CPU.ActiveCfg = Debug|Any CPU
		{411D88A8-88BD-7BA9-D340-5B03432C0EC3}.Debug|Any CPU.Build.0 = Debug|Any CPU
		{411D88A8-88BD-7BA9-D340-5B03432C0EC3}.Debug|x64.ActiveCfg = Debug|Any CPU
		{411D88A8-88BD-7BA9-D340-5B03432C0EC3}.Debug|x64.Build.0 = Debug|Any CPU
		{411D88A8-88BD-7BA9-D340-5B03432C0EC3}.Debug|x86.ActiveCfg = Debug|Any CPU
		{411D88A8-88BD-7BA9-D340-5B03432C0EC3}.Debug|x86.Build.0 = Debug|Any CPU
		{411D88A8-88BD-7BA9-D340-5B03432C0EC3}.Release|Any CPU.ActiveCfg = Release|Any CPU
		{411D88A8-88BD-7BA9-D340-5B03432C0EC3}.Release|Any CPU.Build.0 = Release|Any CPU
		{411D88A8-88BD-7BA9-D340-5B03432C0EC3}.Release|x64.ActiveCfg = Release|Any CPU
		{411D88A8-88BD-7BA9-D340-5B03432C0EC3}.Release|x64.Build.0 = Release|Any CPU
		{411D88A8-88BD-7BA9-D340-5B03432C0EC3}.Release|x86.ActiveCfg = Release|Any CPU
		{411D88A8-88BD-7BA9-D340-5B03432C0EC3}.Release|x86.Build.0 = Release|Any CPU
		{D76FA9CE-850A-C766-6396-6DF38D767B17}.All|Any CPU.ActiveCfg = Debug|Any CPU
		{D76FA9CE-850A-C766-6396-6DF38D767B17}.All|Any CPU.Build.0 = Debug|Any CPU
		{D76FA9CE-850A-C766-6396-6DF38D767B17}.All|x64.ActiveCfg = Debug|Any CPU
		{D76FA9CE-850A-C766-6396-6DF38D767B17}.All|x64.Build.0 = Debug|Any CPU
		{D76FA9CE-850A-C766-6396-6DF38D767B17}.All|x86.ActiveCfg = Debug|Any CPU
		{D76FA9CE-850A-C766-6396-6DF38D767B17}.All|x86.Build.0 = Debug|Any CPU
		{D76FA9CE-850A-C766-6396-6DF38D767B17}.Debug|Any CPU.ActiveCfg = Debug|Any CPU
		{D76FA9CE-850A-C766-6396-6DF38D767B17}.Debug|Any CPU.Build.0 = Debug|Any CPU
		{D76FA9CE-850A-C766-6396-6DF38D767B17}.Debug|x64.ActiveCfg = Debug|Any CPU
		{D76FA9CE-850A-C766-6396-6DF38D767B17}.Debug|x64.Build.0 = Debug|Any CPU
		{D76FA9CE-850A-C766-6396-6DF38D767B17}.Debug|x86.ActiveCfg = Debug|Any CPU
		{D76FA9CE-850A-C766-6396-6DF38D767B17}.Debug|x86.Build.0 = Debug|Any CPU
		{D76FA9CE-850A-C766-6396-6DF38D767B17}.Release|Any CPU.ActiveCfg = Release|Any CPU
		{D76FA9CE-850A-C766-6396-6DF38D767B17}.Release|Any CPU.Build.0 = Release|Any CPU
		{D76FA9CE-850A-C766-6396-6DF38D767B17}.Release|x64.ActiveCfg = Release|Any CPU
		{D76FA9CE-850A-C766-6396-6DF38D767B17}.Release|x64.Build.0 = Release|Any CPU
		{D76FA9CE-850A-C766-6396-6DF38D767B17}.Release|x86.ActiveCfg = Release|Any CPU
		{D76FA9CE-850A-C766-6396-6DF38D767B17}.Release|x86.Build.0 = Release|Any CPU
		{BC786E2B-0A93-3B02-4328-78AD01BB131E}.All|Any CPU.ActiveCfg = Debug|Any CPU
		{BC786E2B-0A93-3B02-4328-78AD01BB131E}.All|Any CPU.Build.0 = Debug|Any CPU
		{BC786E2B-0A93-3B02-4328-78AD01BB131E}.All|x64.ActiveCfg = Debug|Any CPU
		{BC786E2B-0A93-3B02-4328-78AD01BB131E}.All|x64.Build.0 = Debug|Any CPU
		{BC786E2B-0A93-3B02-4328-78AD01BB131E}.All|x86.ActiveCfg = Debug|Any CPU
		{BC786E2B-0A93-3B02-4328-78AD01BB131E}.All|x86.Build.0 = Debug|Any CPU
		{BC786E2B-0A93-3B02-4328-78AD01BB131E}.Debug|Any CPU.ActiveCfg = Debug|Any CPU
		{BC786E2B-0A93-3B02-4328-78AD01BB131E}.Debug|Any CPU.Build.0 = Debug|Any CPU
		{BC786E2B-0A93-3B02-4328-78AD01BB131E}.Debug|x64.ActiveCfg = Debug|Any CPU
		{BC786E2B-0A93-3B02-4328-78AD01BB131E}.Debug|x64.Build.0 = Debug|Any CPU
		{BC786E2B-0A93-3B02-4328-78AD01BB131E}.Debug|x86.ActiveCfg = Debug|Any CPU
		{BC786E2B-0A93-3B02-4328-78AD01BB131E}.Debug|x86.Build.0 = Debug|Any CPU
		{BC786E2B-0A93-3B02-4328-78AD01BB131E}.Release|Any CPU.ActiveCfg = Release|Any CPU
		{BC786E2B-0A93-3B02-4328-78AD01BB131E}.Release|Any CPU.Build.0 = Release|Any CPU
		{BC786E2B-0A93-3B02-4328-78AD01BB131E}.Release|x64.ActiveCfg = Release|Any CPU
		{BC786E2B-0A93-3B02-4328-78AD01BB131E}.Release|x64.Build.0 = Release|Any CPU
		{BC786E2B-0A93-3B02-4328-78AD01BB131E}.Release|x86.ActiveCfg = Release|Any CPU
		{BC786E2B-0A93-3B02-4328-78AD01BB131E}.Release|x86.Build.0 = Release|Any CPU
		{E171BD7A-3645-4A75-ABE7-1D0BE5593D63}.All|Any CPU.ActiveCfg = Debug|Any CPU
		{E171BD7A-3645-4A75-ABE7-1D0BE5593D63}.All|Any CPU.Build.0 = Debug|Any CPU
		{E171BD7A-3645-4A75-ABE7-1D0BE5593D63}.All|x64.ActiveCfg = Debug|Any CPU
		{E171BD7A-3645-4A75-ABE7-1D0BE5593D63}.All|x64.Build.0 = Debug|Any CPU
		{E171BD7A-3645-4A75-ABE7-1D0BE5593D63}.All|x86.ActiveCfg = Debug|Any CPU
		{E171BD7A-3645-4A75-ABE7-1D0BE5593D63}.All|x86.Build.0 = Debug|Any CPU
		{E171BD7A-3645-4A75-ABE7-1D0BE5593D63}.Debug|Any CPU.ActiveCfg = Debug|Any CPU
		{E171BD7A-3645-4A75-ABE7-1D0BE5593D63}.Debug|Any CPU.Build.0 = Debug|Any CPU
		{E171BD7A-3645-4A75-ABE7-1D0BE5593D63}.Debug|x64.ActiveCfg = Debug|Any CPU
		{E171BD7A-3645-4A75-ABE7-1D0BE5593D63}.Debug|x64.Build.0 = Debug|Any CPU
		{E171BD7A-3645-4A75-ABE7-1D0BE5593D63}.Debug|x86.ActiveCfg = Debug|Any CPU
		{E171BD7A-3645-4A75-ABE7-1D0BE5593D63}.Debug|x86.Build.0 = Debug|Any CPU
		{E171BD7A-3645-4A75-ABE7-1D0BE5593D63}.Release|Any CPU.ActiveCfg = Release|Any CPU
		{E171BD7A-3645-4A75-ABE7-1D0BE5593D63}.Release|Any CPU.Build.0 = Release|Any CPU
		{E171BD7A-3645-4A75-ABE7-1D0BE5593D63}.Release|x64.ActiveCfg = Release|Any CPU
		{E171BD7A-3645-4A75-ABE7-1D0BE5593D63}.Release|x64.Build.0 = Release|Any CPU
		{E171BD7A-3645-4A75-ABE7-1D0BE5593D63}.Release|x86.ActiveCfg = Release|Any CPU
		{E171BD7A-3645-4A75-ABE7-1D0BE5593D63}.Release|x86.Build.0 = Release|Any CPU
		{A29A8CE7-050B-4A76-81C3-574BF65E95D0}.All|Any CPU.ActiveCfg = Debug|Any CPU
		{A29A8CE7-050B-4A76-81C3-574BF65E95D0}.All|Any CPU.Build.0 = Debug|Any CPU
		{A29A8CE7-050B-4A76-81C3-574BF65E95D0}.All|x64.ActiveCfg = Debug|Any CPU
		{A29A8CE7-050B-4A76-81C3-574BF65E95D0}.All|x64.Build.0 = Debug|Any CPU
		{A29A8CE7-050B-4A76-81C3-574BF65E95D0}.All|x86.ActiveCfg = Debug|Any CPU
		{A29A8CE7-050B-4A76-81C3-574BF65E95D0}.All|x86.Build.0 = Debug|Any CPU
		{A29A8CE7-050B-4A76-81C3-574BF65E95D0}.Debug|Any CPU.ActiveCfg = Debug|Any CPU
		{A29A8CE7-050B-4A76-81C3-574BF65E95D0}.Debug|Any CPU.Build.0 = Debug|Any CPU
		{A29A8CE7-050B-4A76-81C3-574BF65E95D0}.Debug|x64.ActiveCfg = Debug|Any CPU
		{A29A8CE7-050B-4A76-81C3-574BF65E95D0}.Debug|x64.Build.0 = Debug|Any CPU
		{A29A8CE7-050B-4A76-81C3-574BF65E95D0}.Debug|x86.ActiveCfg = Debug|Any CPU
		{A29A8CE7-050B-4A76-81C3-574BF65E95D0}.Debug|x86.Build.0 = Debug|Any CPU
		{A29A8CE7-050B-4A76-81C3-574BF65E95D0}.Release|Any CPU.ActiveCfg = Release|Any CPU
		{A29A8CE7-050B-4A76-81C3-574BF65E95D0}.Release|Any CPU.Build.0 = Release|Any CPU
		{A29A8CE7-050B-4A76-81C3-574BF65E95D0}.Release|x64.ActiveCfg = Release|Any CPU
		{A29A8CE7-050B-4A76-81C3-574BF65E95D0}.Release|x64.Build.0 = Release|Any CPU
		{A29A8CE7-050B-4A76-81C3-574BF65E95D0}.Release|x86.ActiveCfg = Release|Any CPU
		{A29A8CE7-050B-4A76-81C3-574BF65E95D0}.Release|x86.Build.0 = Release|Any CPU
		{B4E62D54-7D96-43B0-AC2A-2CB8430D809D}.All|Any CPU.ActiveCfg = Debug|Any CPU
		{B4E62D54-7D96-43B0-AC2A-2CB8430D809D}.All|Any CPU.Build.0 = Debug|Any CPU
		{B4E62D54-7D96-43B0-AC2A-2CB8430D809D}.All|x64.ActiveCfg = Debug|Any CPU
		{B4E62D54-7D96-43B0-AC2A-2CB8430D809D}.All|x64.Build.0 = Debug|Any CPU
		{B4E62D54-7D96-43B0-AC2A-2CB8430D809D}.All|x86.ActiveCfg = Debug|Any CPU
		{B4E62D54-7D96-43B0-AC2A-2CB8430D809D}.All|x86.Build.0 = Debug|Any CPU
		{B4E62D54-7D96-43B0-AC2A-2CB8430D809D}.Debug|Any CPU.ActiveCfg = Debug|Any CPU
		{B4E62D54-7D96-43B0-AC2A-2CB8430D809D}.Debug|Any CPU.Build.0 = Debug|Any CPU
		{B4E62D54-7D96-43B0-AC2A-2CB8430D809D}.Debug|x64.ActiveCfg = Debug|Any CPU
		{B4E62D54-7D96-43B0-AC2A-2CB8430D809D}.Debug|x64.Build.0 = Debug|Any CPU
		{B4E62D54-7D96-43B0-AC2A-2CB8430D809D}.Debug|x86.ActiveCfg = Debug|Any CPU
		{B4E62D54-7D96-43B0-AC2A-2CB8430D809D}.Debug|x86.Build.0 = Debug|Any CPU
		{B4E62D54-7D96-43B0-AC2A-2CB8430D809D}.Release|Any CPU.ActiveCfg = Release|Any CPU
		{B4E62D54-7D96-43B0-AC2A-2CB8430D809D}.Release|Any CPU.Build.0 = Release|Any CPU
		{B4E62D54-7D96-43B0-AC2A-2CB8430D809D}.Release|x64.ActiveCfg = Release|Any CPU
		{B4E62D54-7D96-43B0-AC2A-2CB8430D809D}.Release|x64.Build.0 = Release|Any CPU
		{B4E62D54-7D96-43B0-AC2A-2CB8430D809D}.Release|x86.ActiveCfg = Release|Any CPU
		{B4E62D54-7D96-43B0-AC2A-2CB8430D809D}.Release|x86.Build.0 = Release|Any CPU
		{0B18CEF6-CC89-314C-9959-CB37F855DE43}.All|Any CPU.ActiveCfg = Debug|Any CPU
		{0B18CEF6-CC89-314C-9959-CB37F855DE43}.All|Any CPU.Build.0 = Debug|Any CPU
		{0B18CEF6-CC89-314C-9959-CB37F855DE43}.All|x64.ActiveCfg = Debug|Any CPU
		{0B18CEF6-CC89-314C-9959-CB37F855DE43}.All|x64.Build.0 = Debug|Any CPU
		{0B18CEF6-CC89-314C-9959-CB37F855DE43}.All|x86.ActiveCfg = Debug|Any CPU
		{0B18CEF6-CC89-314C-9959-CB37F855DE43}.All|x86.Build.0 = Debug|Any CPU
		{0B18CEF6-CC89-314C-9959-CB37F855DE43}.Debug|Any CPU.ActiveCfg = Debug|Any CPU
		{0B18CEF6-CC89-314C-9959-CB37F855DE43}.Debug|Any CPU.Build.0 = Debug|Any CPU
		{0B18CEF6-CC89-314C-9959-CB37F855DE43}.Debug|x64.ActiveCfg = Debug|Any CPU
		{0B18CEF6-CC89-314C-9959-CB37F855DE43}.Debug|x64.Build.0 = Debug|Any CPU
		{0B18CEF6-CC89-314C-9959-CB37F855DE43}.Debug|x86.ActiveCfg = Debug|Any CPU
		{0B18CEF6-CC89-314C-9959-CB37F855DE43}.Debug|x86.Build.0 = Debug|Any CPU
		{0B18CEF6-CC89-314C-9959-CB37F855DE43}.Release|Any CPU.ActiveCfg = Release|Any CPU
		{0B18CEF6-CC89-314C-9959-CB37F855DE43}.Release|Any CPU.Build.0 = Release|Any CPU
		{0B18CEF6-CC89-314C-9959-CB37F855DE43}.Release|x64.ActiveCfg = Release|Any CPU
		{0B18CEF6-CC89-314C-9959-CB37F855DE43}.Release|x64.Build.0 = Release|Any CPU
		{0B18CEF6-CC89-314C-9959-CB37F855DE43}.Release|x86.ActiveCfg = Release|Any CPU
		{0B18CEF6-CC89-314C-9959-CB37F855DE43}.Release|x86.Build.0 = Release|Any CPU
		{426C7F6A-33CF-DC1B-5C54-194EF83F8F23}.All|Any CPU.ActiveCfg = Debug|Any CPU
		{426C7F6A-33CF-DC1B-5C54-194EF83F8F23}.All|Any CPU.Build.0 = Debug|Any CPU
		{426C7F6A-33CF-DC1B-5C54-194EF83F8F23}.All|x64.ActiveCfg = Debug|Any CPU
		{426C7F6A-33CF-DC1B-5C54-194EF83F8F23}.All|x64.Build.0 = Debug|Any CPU
		{426C7F6A-33CF-DC1B-5C54-194EF83F8F23}.All|x86.ActiveCfg = Debug|Any CPU
		{426C7F6A-33CF-DC1B-5C54-194EF83F8F23}.All|x86.Build.0 = Debug|Any CPU
		{426C7F6A-33CF-DC1B-5C54-194EF83F8F23}.Debug|Any CPU.ActiveCfg = Debug|Any CPU
		{426C7F6A-33CF-DC1B-5C54-194EF83F8F23}.Debug|Any CPU.Build.0 = Debug|Any CPU
		{426C7F6A-33CF-DC1B-5C54-194EF83F8F23}.Debug|x64.ActiveCfg = Debug|Any CPU
		{426C7F6A-33CF-DC1B-5C54-194EF83F8F23}.Debug|x64.Build.0 = Debug|Any CPU
		{426C7F6A-33CF-DC1B-5C54-194EF83F8F23}.Debug|x86.ActiveCfg = Debug|Any CPU
		{426C7F6A-33CF-DC1B-5C54-194EF83F8F23}.Debug|x86.Build.0 = Debug|Any CPU
		{426C7F6A-33CF-DC1B-5C54-194EF83F8F23}.Release|Any CPU.ActiveCfg = Release|Any CPU
		{426C7F6A-33CF-DC1B-5C54-194EF83F8F23}.Release|Any CPU.Build.0 = Release|Any CPU
		{426C7F6A-33CF-DC1B-5C54-194EF83F8F23}.Release|x64.ActiveCfg = Release|Any CPU
		{426C7F6A-33CF-DC1B-5C54-194EF83F8F23}.Release|x64.Build.0 = Release|Any CPU
		{426C7F6A-33CF-DC1B-5C54-194EF83F8F23}.Release|x86.ActiveCfg = Release|Any CPU
		{426C7F6A-33CF-DC1B-5C54-194EF83F8F23}.Release|x86.Build.0 = Release|Any CPU
		{0178A465-8459-44D3-B279-52BD3BCBB7A1}.All|Any CPU.ActiveCfg = Debug|Any CPU
		{0178A465-8459-44D3-B279-52BD3BCBB7A1}.All|Any CPU.Build.0 = Debug|Any CPU
		{0178A465-8459-44D3-B279-52BD3BCBB7A1}.All|x64.ActiveCfg = Debug|Any CPU
		{0178A465-8459-44D3-B279-52BD3BCBB7A1}.All|x64.Build.0 = Debug|Any CPU
		{0178A465-8459-44D3-B279-52BD3BCBB7A1}.All|x86.ActiveCfg = Debug|Any CPU
		{0178A465-8459-44D3-B279-52BD3BCBB7A1}.All|x86.Build.0 = Debug|Any CPU
		{0178A465-8459-44D3-B279-52BD3BCBB7A1}.Debug|Any CPU.ActiveCfg = Debug|Any CPU
		{0178A465-8459-44D3-B279-52BD3BCBB7A1}.Debug|Any CPU.Build.0 = Debug|Any CPU
		{0178A465-8459-44D3-B279-52BD3BCBB7A1}.Debug|x64.ActiveCfg = Debug|Any CPU
		{0178A465-8459-44D3-B279-52BD3BCBB7A1}.Debug|x64.Build.0 = Debug|Any CPU
		{0178A465-8459-44D3-B279-52BD3BCBB7A1}.Debug|x86.ActiveCfg = Debug|Any CPU
		{0178A465-8459-44D3-B279-52BD3BCBB7A1}.Debug|x86.Build.0 = Debug|Any CPU
		{0178A465-8459-44D3-B279-52BD3BCBB7A1}.Release|Any CPU.ActiveCfg = Release|Any CPU
		{0178A465-8459-44D3-B279-52BD3BCBB7A1}.Release|Any CPU.Build.0 = Release|Any CPU
		{0178A465-8459-44D3-B279-52BD3BCBB7A1}.Release|x64.ActiveCfg = Release|Any CPU
		{0178A465-8459-44D3-B279-52BD3BCBB7A1}.Release|x64.Build.0 = Release|Any CPU
		{0178A465-8459-44D3-B279-52BD3BCBB7A1}.Release|x86.ActiveCfg = Release|Any CPU
		{0178A465-8459-44D3-B279-52BD3BCBB7A1}.Release|x86.Build.0 = Release|Any CPU
	EndGlobalSection
	GlobalSection(SolutionProperties) = preSolution
		HideSolutionNode = FALSE
	EndGlobalSection
	GlobalSection(NestedProjects) = preSolution
		{A985CC14-8A73-4977-94E8-6E1653737A5A} = {1FE3A8CF-0F5C-4B63-96B5-9F104183C57E}
		{3833D63D-46E0-1B92-6CA6-CD42ABEF76AA} = {1FE3A8CF-0F5C-4B63-96B5-9F104183C57E}
		{2DCD2DFA-5D43-2217-2A3D-6DB6915D5204} = {1FE3A8CF-0F5C-4B63-96B5-9F104183C57E}
		{D76FA9CE-850A-C766-6396-6DF38D767B17} = {1FE3A8CF-0F5C-4B63-96B5-9F104183C57E}
		{BC786E2B-0A93-3B02-4328-78AD01BB131E} = {02EA681E-C7D8-13C7-8484-4AC65E1B71E8}
		{E171BD7A-3645-4A75-ABE7-1D0BE5593D63} = {1FE3A8CF-0F5C-4B63-96B5-9F104183C57E}
		{A29A8CE7-050B-4A76-81C3-574BF65E95D0} = {02EA681E-C7D8-13C7-8484-4AC65E1B71E8}
		{B4E62D54-7D96-43B0-AC2A-2CB8430D809D} = {02EA681E-C7D8-13C7-8484-4AC65E1B71E8}
		{0178A465-8459-44D3-B279-52BD3BCBB7A1} = {02EA681E-C7D8-13C7-8484-4AC65E1B71E8}
	EndGlobalSection
	GlobalSection(ExtensibilityGlobals) = postSolution
		SolutionGuid = {0B308959-4A79-48B1-B4C5-0D8FEB34EC6D}
	EndGlobalSection
EndGlobal
