
Microsoft Visual Studio Solution File, Format Version 12.00
# Visual Studio Version 17
VisualStudioVersion = 17.10.35013.160
MinimumVisualStudioVersion = 10.0.40219.1
Project("{9A19103F-16F7-4668-BE54-9A1E7A4F7556}") = "VNC.VSTOAddin", "VNC.VSTOAddin\VNC.VSTOAddin.csproj", "{E7825CD9-B6DC-4685-8D35-DF2F4E2823BE}"
EndProject
Project("{9A19103F-16F7-4668-BE54-9A1E7A4F7556}") = "VNC.VSTOAddIn.Visio", "VNC.Visio.VSTOAddin\VNC.VSTOAddIn.Visio.csproj", "{FF53AC3C-6FCA-4FBF-B5BD-481A960BEEB8}"
EndProject
Project("{FAE04EC0-301F-11D3-BF4B-00C04F79EFBC}") = "SupportTools_Excel", "SupportTools_Excel\SupportTools_Excel\SupportTools_Excel.csproj", "{90EEA2C1-ACE6-4CBE-91AC-6FE8D69B5BC3}"
EndProject
Project("{9A19103F-16F7-4668-BE54-9A1E7A4F7556}") = "SupportTools_Excel.Core", "SupportTools_Excel\SupportTools_Excel.Infrastructure\SupportTools_Excel.Core.csproj", "{7DF02613-D6F9-4A4B-8496-043C3997123D}"
EndProject
Project("{9A19103F-16F7-4668-BE54-9A1E7A4F7556}") = "ModuleOptions", "SupportTools_Excel\ModuleOptions\ModuleOptions.csproj", "{2C5F47CE-E161-48ED-907F-B97B558F46A5}"
EndProject
Project("{9A19103F-16F7-4668-BE54-9A1E7A4F7556}") = "VNC.ExcelHelper", "VNC.ExcelHelper\VNC.ExcelHelper.csproj", "{1AABF6EC-8CE6-4B2B-9E0B-AF36D06111B2}"
EndProject
Project("{9A19103F-16F7-4668-BE54-9A1E7A4F7556}") = "VNC.Core", "..\VNCDevelopment\VNC.Core\VNC.Core.csproj", "{1BACD151-60F3-4E6E-84A0-610DB1DC97DC}"
EndProject
Project("{2150E333-8FDC-42A3-9474-1A3956D46DE8}") = "Excel", "Excel", "{02EA681E-C7D8-13C7-8484-4AC65E1B71E8}"
EndProject
Project("{2150E333-8FDC-42A3-9474-1A3956D46DE8}") = "Visio", "Visio", "{1FE3A8CF-0F5C-4B63-96B5-9F104183C57E}"
EndProject
Project("{2150E333-8FDC-42A3-9474-1A3956D46DE8}") = "Legacy", "Legacy", "{88621A25-8DE9-427C-943B-B853DBE886C1}"
EndProject
Project("{FAE04EC0-301F-11D3-BF4B-00C04F79EFBC}") = "VNCVisioTools", "VNCVisioTools\VNCVisioTools\VNCVisioTools.csproj", "{A985CC14-8A73-4977-94E8-6E1653737A5A}"
EndProject
Project("{FAE04EC0-301F-11D3-BF4B-00C04F79EFBC}") = "VNCVisioToolsApplication", "VNCVisioTools\VNCVisioToolsApplication\VNCVisioToolsApplication.csproj", "{3833D63D-46E0-1B92-6CA6-CD42ABEF76AA}"
EndProject
Project("{FAE04EC0-301F-11D3-BF4B-00C04F79EFBC}") = "VNCVisioToolsApplication.Core", "VNCVisioTools\VNCVisioToolsApplication.Core\VNCVisioToolsApplication.Core.csproj", "{2DCD2DFA-5D43-2217-2A3D-6DB6915D5204}"
EndProject
Project("{FAE04EC0-301F-11D3-BF4B-00C04F79EFBC}") = "ExcelAddIn", "ExcelAddIn\ExcelAddin\ExcelAddIn.csproj", "{9319B4E5-F79C-4FB4-9E10-7D6682B4A705}"
EndProject
Project("{FAE04EC0-301F-11D3-BF4B-00C04F79EFBC}") = "ExcelAddInApplication", "ExcelAddIn\ExcelAddInApplication\ExcelAddInApplication.csproj", "{99CBAA7F-445B-03D4-972E-7B04455E4D08}"
EndProject
Project("{FAE04EC0-301F-11D3-BF4B-00C04F79EFBC}") = "ExcelAddInApplication.Core", "ExcelAddIn\ExcelAddInApplication.Core\ExcelAddInApplication.Core.csproj", "{DD230EC3-7996-739A-A6DF-09768DF14394}"
EndProject
Project("{FAE04EC0-301F-11D3-BF4B-00C04F79EFBC}") = "VNC.VSTOAddin.Excel", "VNC.Excel.VSTOAddIn\VNC.VSTOAddin.Excel.csproj", "{50F8007B-151A-CB71-DE87-F10CCD852C19}"
EndProject
Project("{FAE04EC0-301F-11D3-BF4B-00C04F79EFBC}") = "VNC.Logging", "..\VNCDevelopment\VNC.Logging\VNC.Logging\VNC.Logging.csproj", "{411D88A8-88BD-7BA9-D340-5B03432C0EC3}"
EndProject
Global
	GlobalSection(SolutionConfigurationPlatforms) = preSolution
		All|Any CPU = All|Any CPU
		All|x64 = All|x64
		All|x86 = All|x86
		Debug|Any CPU = Debug|Any CPU
		Debug|x64 = Debug|x64
		Debug|x86 = Debug|x86
		Release|Any CPU = Release|Any CPU
		Release|x64 = Release|x64
		Release|x86 = Release|x86
	EndGlobalSection
	GlobalSection(ProjectConfigurationPlatforms) = postSolution
		{E7825CD9-B6DC-4685-8D35-DF2F4E2823BE}.All|Any CPU.ActiveCfg = Debug|Any CPU
		{E7825CD9-B6DC-4685-8D35-DF2F4E2823BE}.All|Any CPU.Build.0 = Debug|Any CPU
		{E7825CD9-B6DC-4685-8D35-DF2F4E2823BE}.All|x64.ActiveCfg = Debug|Any CPU
		{E7825CD9-B6DC-4685-8D35-DF2F4E2823BE}.All|x64.Build.0 = Debug|Any CPU
		{E7825CD9-B6DC-4685-8D35-DF2F4E2823BE}.All|x86.ActiveCfg = Debug|Any CPU
		{E7825CD9-B6DC-4685-8D35-DF2F4E2823BE}.All|x86.Build.0 = Debug|Any CPU
		{E7825CD9-B6DC-4685-8D35-DF2F4E2823BE}.Debug|Any CPU.ActiveCfg = Debug|Any CPU
		{E7825CD9-B6DC-4685-8D35-DF2F4E2823BE}.Debug|Any CPU.Build.0 = Debug|Any CPU
		{E7825CD9-B6DC-4685-8D35-DF2F4E2823BE}.Debug|x64.ActiveCfg = Debug|Any CPU
		{E7825CD9-B6DC-4685-8D35-DF2F4E2823BE}.Debug|x64.Build.0 = Debug|Any CPU
		{E7825CD9-B6DC-4685-8D35-DF2F4E2823BE}.Debug|x86.ActiveCfg = Debug|Any CPU
		{E7825CD9-B6DC-4685-8D35-DF2F4E2823BE}.Debug|x86.Build.0 = Debug|Any CPU
		{E7825CD9-B6DC-4685-8D35-DF2F4E2823BE}.Release|Any CPU.ActiveCfg = Release|Any CPU
		{E7825CD9-B6DC-4685-8D35-DF2F4E2823BE}.Release|Any CPU.Build.0 = Release|Any CPU
		{E7825CD9-B6DC-4685-8D35-DF2F4E2823BE}.Release|x64.ActiveCfg = Release|Any CPU
		{E7825CD9-B6DC-4685-8D35-DF2F4E2823BE}.Release|x64.Build.0 = Release|Any CPU
		{E7825CD9-B6DC-4685-8D35-DF2F4E2823BE}.Release|x86.ActiveCfg = Release|Any CPU
		{E7825CD9-B6DC-4685-8D35-DF2F4E2823BE}.Release|x86.Build.0 = Release|Any CPU
		{FF53AC3C-6FCA-4FBF-B5BD-481A960BEEB8}.All|Any CPU.ActiveCfg = Debug|Any CPU
		{FF53AC3C-6FCA-4FBF-B5BD-481A960BEEB8}.All|Any CPU.Build.0 = Debug|Any CPU
		{FF53AC3C-6FCA-4FBF-B5BD-481A960BEEB8}.All|x64.ActiveCfg = Debug|Any CPU
		{FF53AC3C-6FCA-4FBF-B5BD-481A960BEEB8}.All|x64.Build.0 = Debug|Any CPU
		{FF53AC3C-6FCA-4FBF-B5BD-481A960BEEB8}.All|x86.ActiveCfg = Debug|Any CPU
		{FF53AC3C-6FCA-4FBF-B5BD-481A960BEEB8}.All|x86.Build.0 = Debug|Any CPU
		{FF53AC3C-6FCA-4FBF-B5BD-481A960BEEB8}.Debug|Any CPU.ActiveCfg = Debug|Any CPU
		{FF53AC3C-6FCA-4FBF-B5BD-481A960BEEB8}.Debug|Any CPU.Build.0 = Debug|Any CPU
		{FF53AC3C-6FCA-4FBF-B5BD-481A960BEEB8}.Debug|x64.ActiveCfg = Debug|Any CPU
		{FF53AC3C-6FCA-4FBF-B5BD-481A960BEEB8}.Debug|x64.Build.0 = Debug|Any CPU
		{FF53AC3C-6FCA-4FBF-B5BD-481A960BEEB8}.Debug|x86.ActiveCfg = Debug|Any CPU
		{FF53AC3C-6FCA-4FBF-B5BD-481A960BEEB8}.Debug|x86.Build.0 = Debug|Any CPU
		{FF53AC3C-6FCA-4FBF-B5BD-481A960BEEB8}.Release|Any CPU.ActiveCfg = Release|Any CPU
		{FF53AC3C-6FCA-4FBF-B5BD-481A960BEEB8}.Release|Any CPU.Build.0 = Release|Any CPU
		{FF53AC3C-6FCA-4FBF-B5BD-481A960BEEB8}.Release|x64.ActiveCfg = Release|Any CPU
		{FF53AC3C-6FCA-4FBF-B5BD-481A960BEEB8}.Release|x64.Build.0 = Release|Any CPU
		{FF53AC3C-6FCA-4FBF-B5BD-481A960BEEB8}.Release|x86.ActiveCfg = Release|Any CPU
		{FF53AC3C-6FCA-4FBF-B5BD-481A960BEEB8}.Release|x86.Build.0 = Release|Any CPU
		{90EEA2C1-ACE6-4CBE-91AC-6FE8D69B5BC3}.All|Any CPU.ActiveCfg = All|Any CPU
		{90EEA2C1-ACE6-4CBE-91AC-6FE8D69B5BC3}.All|Any CPU.Build.0 = All|Any CPU
		{90EEA2C1-ACE6-4CBE-91AC-6FE8D69B5BC3}.All|x64.ActiveCfg = All|Any CPU
		{90EEA2C1-ACE6-4CBE-91AC-6FE8D69B5BC3}.All|x64.Build.0 = All|Any CPU
		{90EEA2C1-ACE6-4CBE-91AC-6FE8D69B5BC3}.All|x86.ActiveCfg = All|Any CPU
		{90EEA2C1-ACE6-4CBE-91AC-6FE8D69B5BC3}.All|x86.Build.0 = All|Any CPU
		{90EEA2C1-ACE6-4CBE-91AC-6FE8D69B5BC3}.Debug|Any CPU.ActiveCfg = Debug|Any CPU
		{90EEA2C1-ACE6-4CBE-91AC-6FE8D69B5BC3}.Debug|Any CPU.Build.0 = Debug|Any CPU
		{90EEA2C1-ACE6-4CBE-91AC-6FE8D69B5BC3}.Debug|x64.ActiveCfg = Debug|Any CPU
		{90EEA2C1-ACE6-4CBE-91AC-6FE8D69B5BC3}.Debug|x64.Build.0 = Debug|Any CPU
		{90EEA2C1-ACE6-4CBE-91AC-6FE8D69B5BC3}.Debug|x86.ActiveCfg = Debug|Any CPU
		{90EEA2C1-ACE6-4CBE-91AC-6FE8D69B5BC3}.Debug|x86.Build.0 = Debug|Any CPU
		{90EEA2C1-ACE6-4CBE-91AC-6FE8D69B5BC3}.Release|Any CPU.ActiveCfg = Release|Any CPU
		{90EEA2C1-ACE6-4CBE-91AC-6FE8D69B5BC3}.Release|Any CPU.Build.0 = Release|Any CPU
		{90EEA2C1-ACE6-4CBE-91AC-6FE8D69B5BC3}.Release|x64.ActiveCfg = Release|Any CPU
		{90EEA2C1-ACE6-4CBE-91AC-6FE8D69B5BC3}.Release|x64.Build.0 = Release|Any CPU
		{90EEA2C1-ACE6-4CBE-91AC-6FE8D69B5BC3}.Release|x86.ActiveCfg = Release|Any CPU
		{90EEA2C1-ACE6-4CBE-91AC-6FE8D69B5BC3}.Release|x86.Build.0 = Release|Any CPU
		{7DF02613-D6F9-4A4B-8496-043C3997123D}.All|Any CPU.ActiveCfg = Debug|Any CPU
		{7DF02613-D6F9-4A4B-8496-043C3997123D}.All|Any CPU.Build.0 = Debug|Any CPU
		{7DF02613-D6F9-4A4B-8496-043C3997123D}.All|x64.ActiveCfg = Debug|Any CPU
		{7DF02613-D6F9-4A4B-8496-043C3997123D}.All|x64.Build.0 = Debug|Any CPU
		{7DF02613-D6F9-4A4B-8496-043C3997123D}.All|x86.ActiveCfg = Debug|Any CPU
		{7DF02613-D6F9-4A4B-8496-043C3997123D}.All|x86.Build.0 = Debug|Any CPU
		{7DF02613-D6F9-4A4B-8496-043C3997123D}.Debug|Any CPU.ActiveCfg = Debug|Any CPU
		{7DF02613-D6F9-4A4B-8496-043C3997123D}.Debug|Any CPU.Build.0 = Debug|Any CPU
		{7DF02613-D6F9-4A4B-8496-043C3997123D}.Debug|x64.ActiveCfg = Debug|Any CPU
		{7DF02613-D6F9-4A4B-8496-043C3997123D}.Debug|x64.Build.0 = Debug|Any CPU
		{7DF02613-D6F9-4A4B-8496-043C3997123D}.Debug|x86.ActiveCfg = Debug|Any CPU
		{7DF02613-D6F9-4A4B-8496-043C3997123D}.Debug|x86.Build.0 = Debug|Any CPU
		{7DF02613-D6F9-4A4B-8496-043C3997123D}.Release|Any CPU.ActiveCfg = Release|Any CPU
		{7DF02613-D6F9-4A4B-8496-043C3997123D}.Release|Any CPU.Build.0 = Release|Any CPU
		{7DF02613-D6F9-4A4B-8496-043C3997123D}.Release|x64.ActiveCfg = Release|Any CPU
		{7DF02613-D6F9-4A4B-8496-043C3997123D}.Release|x64.Build.0 = Release|Any CPU
		{7DF02613-D6F9-4A4B-8496-043C3997123D}.Release|x86.ActiveCfg = Release|Any CPU
		{7DF02613-D6F9-4A4B-8496-043C3997123D}.Release|x86.Build.0 = Release|Any CPU
		{2C5F47CE-E161-48ED-907F-B97B558F46A5}.All|Any CPU.ActiveCfg = Debug|Any CPU
		{2C5F47CE-E161-48ED-907F-B97B558F46A5}.All|Any CPU.Build.0 = Debug|Any CPU
		{2C5F47CE-E161-48ED-907F-B97B558F46A5}.All|x64.ActiveCfg = Debug|Any CPU
		{2C5F47CE-E161-48ED-907F-B97B558F46A5}.All|x64.Build.0 = Debug|Any CPU
		{2C5F47CE-E161-48ED-907F-B97B558F46A5}.All|x86.ActiveCfg = Debug|Any CPU
		{2C5F47CE-E161-48ED-907F-B97B558F46A5}.All|x86.Build.0 = Debug|Any CPU
		{2C5F47CE-E161-48ED-907F-B97B558F46A5}.Debug|Any CPU.ActiveCfg = Debug|Any CPU
		{2C5F47CE-E161-48ED-907F-B97B558F46A5}.Debug|Any CPU.Build.0 = Debug|Any CPU
		{2C5F47CE-E161-48ED-907F-B97B558F46A5}.Debug|x64.ActiveCfg = Debug|Any CPU
		{2C5F47CE-E161-48ED-907F-B97B558F46A5}.Debug|x64.Build.0 = Debug|Any CPU
		{2C5F47CE-E161-48ED-907F-B97B558F46A5}.Debug|x86.ActiveCfg = Debug|Any CPU
		{2C5F47CE-E161-48ED-907F-B97B558F46A5}.Debug|x86.Build.0 = Debug|Any CPU
		{2C5F47CE-E161-48ED-907F-B97B558F46A5}.Release|Any CPU.ActiveCfg = Release|Any CPU
		{2C5F47CE-E161-48ED-907F-B97B558F46A5}.Release|Any CPU.Build.0 = Release|Any CPU
		{2C5F47CE-E161-48ED-907F-B97B558F46A5}.Release|x64.ActiveCfg = Release|Any CPU
		{2C5F47CE-E161-48ED-907F-B97B558F46A5}.Release|x64.Build.0 = Release|Any CPU
		{2C5F47CE-E161-48ED-907F-B97B558F46A5}.Release|x86.ActiveCfg = Release|Any CPU
		{2C5F47CE-E161-48ED-907F-B97B558F46A5}.Release|x86.Build.0 = Release|Any CPU
		{1AABF6EC-8CE6-4B2B-9E0B-AF36D06111B2}.All|Any CPU.ActiveCfg = Debug|Any CPU
		{1AABF6EC-8CE6-4B2B-9E0B-AF36D06111B2}.All|Any CPU.Build.0 = Debug|Any CPU
		{1AABF6EC-8CE6-4B2B-9E0B-AF36D06111B2}.All|x64.ActiveCfg = Debug|Any CPU
		{1AABF6EC-8CE6-4B2B-9E0B-AF36D06111B2}.All|x64.Build.0 = Debug|Any CPU
		{1AABF6EC-8CE6-4B2B-9E0B-AF36D06111B2}.All|x86.ActiveCfg = Debug|Any CPU
		{1AABF6EC-8CE6-4B2B-9E0B-AF36D06111B2}.All|x86.Build.0 = Debug|Any CPU
		{1AABF6EC-8CE6-4B2B-9E0B-AF36D06111B2}.Debug|Any CPU.ActiveCfg = Debug|Any CPU
		{1AABF6EC-8CE6-4B2B-9E0B-AF36D06111B2}.Debug|Any CPU.Build.0 = Debug|Any CPU
		{1AABF6EC-8CE6-4B2B-9E0B-AF36D06111B2}.Debug|x64.ActiveCfg = Debug|Any CPU
		{1AABF6EC-8CE6-4B2B-9E0B-AF36D06111B2}.Debug|x64.Build.0 = Debug|Any CPU
		{1AABF6EC-8CE6-4B2B-9E0B-AF36D06111B2}.Debug|x86.ActiveCfg = Debug|Any CPU
		{1AABF6EC-8CE6-4B2B-9E0B-AF36D06111B2}.Debug|x86.Build.0 = Debug|Any CPU
		{1AABF6EC-8CE6-4B2B-9E0B-AF36D06111B2}.Release|Any CPU.ActiveCfg = Release|Any CPU
		{1AABF6EC-8CE6-4B2B-9E0B-AF36D06111B2}.Release|Any CPU.Build.0 = Release|Any CPU
		{1AABF6EC-8CE6-4B2B-9E0B-AF36D06111B2}.Release|x64.ActiveCfg = Release|Any CPU
		{1AABF6EC-8CE6-4B2B-9E0B-AF36D06111B2}.Release|x64.Build.0 = Release|Any CPU
		{1AABF6EC-8CE6-4B2B-9E0B-AF36D06111B2}.Release|x86.ActiveCfg = Release|Any CPU
		{1AABF6EC-8CE6-4B2B-9E0B-AF36D06111B2}.Release|x86.Build.0 = Release|Any CPU
		{1BACD151-60F3-4E6E-84A0-610DB1DC97DC}.All|Any CPU.ActiveCfg = Debug|Any CPU
		{1BACD151-60F3-4E6E-84A0-610DB1DC97DC}.All|Any CPU.Build.0 = Debug|Any CPU
		{1BACD151-60F3-4E6E-84A0-610DB1DC97DC}.All|x64.ActiveCfg = Debug|Any CPU
		{1BACD151-60F3-4E6E-84A0-610DB1DC97DC}.All|x64.Build.0 = Debug|Any CPU
		{1BACD151-60F3-4E6E-84A0-610DB1DC97DC}.All|x86.ActiveCfg = Debug|Any CPU
		{1BACD151-60F3-4E6E-84A0-610DB1DC97DC}.All|x86.Build.0 = Debug|Any CPU
		{1BACD151-60F3-4E6E-84A0-610DB1DC97DC}.Debug|Any CPU.ActiveCfg = Debug|Any CPU
		{1BACD151-60F3-4E6E-84A0-610DB1DC97DC}.Debug|Any CPU.Build.0 = Debug|Any CPU
		{1BACD151-60F3-4E6E-84A0-610DB1DC97DC}.Debug|x64.ActiveCfg = Debug|Any CPU
		{1BACD151-60F3-4E6E-84A0-610DB1DC97DC}.Debug|x64.Build.0 = Debug|Any CPU
		{1BACD151-60F3-4E6E-84A0-610DB1DC97DC}.Debug|x86.ActiveCfg = Debug|Any CPU
		{1BACD151-60F3-4E6E-84A0-610DB1DC97DC}.Debug|x86.Build.0 = Debug|Any CPU
		{1BACD151-60F3-4E6E-84A0-610DB1DC97DC}.Release|Any CPU.ActiveCfg = Release|Any CPU
		{1BACD151-60F3-4E6E-84A0-610DB1DC97DC}.Release|Any CPU.Build.0 = Release|Any CPU
		{1BACD151-60F3-4E6E-84A0-610DB1DC97DC}.Release|x64.ActiveCfg = Release|Any CPU
		{1BACD151-60F3-4E6E-84A0-610DB1DC97DC}.Release|x64.Build.0 = Release|Any CPU
		{1BACD151-60F3-4E6E-84A0-610DB1DC97DC}.Release|x86.ActiveCfg = Release|Any CPU
		{1BACD151-60F3-4E6E-84A0-610DB1DC97DC}.Release|x86.Build.0 = Release|Any CPU
		{A985CC14-8A73-4977-94E8-6E1653737A5A}.All|Any CPU.ActiveCfg = Debug|Any CPU
		{A985CC14-8A73-4977-94E8-6E1653737A5A}.All|Any CPU.Build.0 = Debug|Any CPU
		{A985CC14-8A73-4977-94E8-6E1653737A5A}.All|x64.ActiveCfg = Debug|Any CPU
		{A985CC14-8A73-4977-94E8-6E1653737A5A}.All|x64.Build.0 = Debug|Any CPU
		{A985CC14-8A73-4977-94E8-6E1653737A5A}.All|x86.ActiveCfg = Debug|Any CPU
		{A985CC14-8A73-4977-94E8-6E1653737A5A}.All|x86.Build.0 = Debug|Any CPU
		{A985CC14-8A73-4977-94E8-6E1653737A5A}.Debug|Any CPU.ActiveCfg = Debug|Any CPU
		{A985CC14-8A73-4977-94E8-6E1653737A5A}.Debug|Any CPU.Build.0 = Debug|Any CPU
		{A985CC14-8A73-4977-94E8-6E1653737A5A}.Debug|x64.ActiveCfg = Debug|Any CPU
		{A985CC14-8A73-4977-94E8-6E1653737A5A}.Debug|x64.Build.0 = Debug|Any CPU
		{A985CC14-8A73-4977-94E8-6E1653737A5A}.Debug|x86.ActiveCfg = Debug|Any CPU
		{A985CC14-8A73-4977-94E8-6E1653737A5A}.Debug|x86.Build.0 = Debug|Any CPU
		{A985CC14-8A73-4977-94E8-6E1653737A5A}.Release|Any CPU.ActiveCfg = Release|Any CPU
		{A985CC14-8A73-4977-94E8-6E1653737A5A}.Release|Any CPU.Build.0 = Release|Any CPU
		{A985CC14-8A73-4977-94E8-6E1653737A5A}.Release|x64.ActiveCfg = Release|Any CPU
		{A985CC14-8A73-4977-94E8-6E1653737A5A}.Release|x64.Build.0 = Release|Any CPU
		{A985CC14-8A73-4977-94E8-6E1653737A5A}.Release|x86.ActiveCfg = Release|Any CPU
		{A985CC14-8A73-4977-94E8-6E1653737A5A}.Release|x86.Build.0 = Release|Any CPU
		{3833D63D-46E0-1B92-6CA6-CD42ABEF76AA}.All|Any CPU.ActiveCfg = Debug|Any CPU
		{3833D63D-46E0-1B92-6CA6-CD42ABEF76AA}.All|Any CPU.Build.0 = Debug|Any CPU
		{3833D63D-46E0-1B92-6CA6-CD42ABEF76AA}.All|x64.ActiveCfg = Debug|Any CPU
		{3833D63D-46E0-1B92-6CA6-CD42ABEF76AA}.All|x64.Build.0 = Debug|Any CPU
		{3833D63D-46E0-1B92-6CA6-CD42ABEF76AA}.All|x86.ActiveCfg = Debug|Any CPU
		{3833D63D-46E0-1B92-6CA6-CD42ABEF76AA}.All|x86.Build.0 = Debug|Any CPU
		{3833D63D-46E0-1B92-6CA6-CD42ABEF76AA}.Debug|Any CPU.ActiveCfg = Debug|Any CPU
		{3833D63D-46E0-1B92-6CA6-CD42ABEF76AA}.Debug|Any CPU.Build.0 = Debug|Any CPU
		{3833D63D-46E0-1B92-6CA6-CD42ABEF76AA}.Debug|x64.ActiveCfg = Debug|Any CPU
		{3833D63D-46E0-1B92-6CA6-CD42ABEF76AA}.Debug|x64.Build.0 = Debug|Any CPU
		{3833D63D-46E0-1B92-6CA6-CD42ABEF76AA}.Debug|x86.ActiveCfg = Debug|Any CPU
		{3833D63D-46E0-1B92-6CA6-CD42ABEF76AA}.Debug|x86.Build.0 = Debug|Any CPU
		{3833D63D-46E0-1B92-6CA6-CD42ABEF76AA}.Release|Any CPU.ActiveCfg = Release|Any CPU
		{3833D63D-46E0-1B92-6CA6-CD42ABEF76AA}.Release|Any CPU.Build.0 = Release|Any CPU
		{3833D63D-46E0-1B92-6CA6-CD42ABEF76AA}.Release|x64.ActiveCfg = Release|Any CPU
		{3833D63D-46E0-1B92-6CA6-CD42ABEF76AA}.Release|x64.Build.0 = Release|Any CPU
		{3833D63D-46E0-1B92-6CA6-CD42ABEF76AA}.Release|x86.ActiveCfg = Release|Any CPU
		{3833D63D-46E0-1B92-6CA6-CD42ABEF76AA}.Release|x86.Build.0 = Release|Any CPU
		{2DCD2DFA-5D43-2217-2A3D-6DB6915D5204}.All|Any CPU.ActiveCfg = Debug|Any CPU
		{2DCD2DFA-5D43-2217-2A3D-6DB6915D5204}.All|Any CPU.Build.0 = Debug|Any CPU
		{2DCD2DFA-5D43-2217-2A3D-6DB6915D5204}.All|x64.ActiveCfg = Debug|Any CPU
		{2DCD2DFA-5D43-2217-2A3D-6DB6915D5204}.All|x64.Build.0 = Debug|Any CPU
		{2DCD2DFA-5D43-2217-2A3D-6DB6915D5204}.All|x86.ActiveCfg = Debug|Any CPU
		{2DCD2DFA-5D43-2217-2A3D-6DB6915D5204}.All|x86.Build.0 = Debug|Any CPU
		{2DCD2DFA-5D43-2217-2A3D-6DB6915D5204}.Debug|Any CPU.ActiveCfg = Debug|Any CPU
		{2DCD2DFA-5D43-2217-2A3D-6DB6915D5204}.Debug|Any CPU.Build.0 = Debug|Any CPU
		{2DCD2DFA-5D43-2217-2A3D-6DB6915D5204}.Debug|x64.ActiveCfg = Debug|Any CPU
		{2DCD2DFA-5D43-2217-2A3D-6DB6915D5204}.Debug|x64.Build.0 = Debug|Any CPU
		{2DCD2DFA-5D43-2217-2A3D-6DB6915D5204}.Debug|x86.ActiveCfg = Debug|Any CPU
		{2DCD2DFA-5D43-2217-2A3D-6DB6915D5204}.Debug|x86.Build.0 = Debug|Any CPU
		{2DCD2DFA-5D43-2217-2A3D-6DB6915D5204}.Release|Any CPU.ActiveCfg = Release|Any CPU
		{2DCD2DFA-5D43-2217-2A3D-6DB6915D5204}.Release|Any CPU.Build.0 = Release|Any CPU
		{2DCD2DFA-5D43-2217-2A3D-6DB6915D5204}.Release|x64.ActiveCfg = Release|Any CPU
		{2DCD2DFA-5D43-2217-2A3D-6DB6915D5204}.Release|x64.Build.0 = Release|Any CPU
		{2DCD2DFA-5D43-2217-2A3D-6DB6915D5204}.Release|x86.ActiveCfg = Release|Any CPU
		{2DCD2DFA-5D43-2217-2A3D-6DB6915D5204}.Release|x86.Build.0 = Release|Any CPU
		{9319B4E5-F79C-4FB4-9E10-7D6682B4A705}.All|Any CPU.ActiveCfg = Debug|Any CPU
		{9319B4E5-F79C-4FB4-9E10-7D6682B4A705}.All|Any CPU.Build.0 = Debug|Any CPU
		{9319B4E5-F79C-4FB4-9E10-7D6682B4A705}.All|x64.ActiveCfg = Debug|Any CPU
		{9319B4E5-F79C-4FB4-9E10-7D6682B4A705}.All|x64.Build.0 = Debug|Any CPU
		{9319B4E5-F79C-4FB4-9E10-7D6682B4A705}.All|x86.ActiveCfg = Debug|Any CPU
		{9319B4E5-F79C-4FB4-9E10-7D6682B4A705}.All|x86.Build.0 = Debug|Any CPU
		{9319B4E5-F79C-4FB4-9E10-7D6682B4A705}.Debug|Any CPU.ActiveCfg = Debug|Any CPU
		{9319B4E5-F79C-4FB4-9E10-7D6682B4A705}.Debug|Any CPU.Build.0 = Debug|Any CPU
		{9319B4E5-F79C-4FB4-9E10-7D6682B4A705}.Debug|x64.ActiveCfg = Debug|Any CPU
		{9319B4E5-F79C-4FB4-9E10-7D6682B4A705}.Debug|x64.Build.0 = Debug|Any CPU
		{9319B4E5-F79C-4FB4-9E10-7D6682B4A705}.Debug|x86.ActiveCfg = Debug|Any CPU
		{9319B4E5-F79C-4FB4-9E10-7D6682B4A705}.Debug|x86.Build.0 = Debug|Any CPU
		{9319B4E5-F79C-4FB4-9E10-7D6682B4A705}.Release|Any CPU.ActiveCfg = Release|Any CPU
		{9319B4E5-F79C-4FB4-9E10-7D6682B4A705}.Release|Any CPU.Build.0 = Release|Any CPU
		{9319B4E5-F79C-4FB4-9E10-7D6682B4A705}.Release|x64.ActiveCfg = Release|Any CPU
		{9319B4E5-F79C-4FB4-9E10-7D6682B4A705}.Release|x64.Build.0 = Release|Any CPU
		{9319B4E5-F79C-4FB4-9E10-7D6682B4A705}.Release|x86.ActiveCfg = Release|Any CPU
		{9319B4E5-F79C-4FB4-9E10-7D6682B4A705}.Release|x86.Build.0 = Release|Any CPU
		{99CBAA7F-445B-03D4-972E-7B04455E4D08}.All|Any CPU.ActiveCfg = Debug|Any CPU
		{99CBAA7F-445B-03D4-972E-7B04455E4D08}.All|Any CPU.Build.0 = Debug|Any CPU
		{99CBAA7F-445B-03D4-972E-7B04455E4D08}.All|x64.ActiveCfg = Debug|Any CPU
		{99CBAA7F-445B-03D4-972E-7B04455E4D08}.All|x64.Build.0 = Debug|Any CPU
		{99CBAA7F-445B-03D4-972E-7B04455E4D08}.All|x86.ActiveCfg = Debug|Any CPU
		{99CBAA7F-445B-03D4-972E-7B04455E4D08}.All|x86.Build.0 = Debug|Any CPU
		{99CBAA7F-445B-03D4-972E-7B04455E4D08}.Debug|Any CPU.ActiveCfg = Debug|Any CPU
		{99CBAA7F-445B-03D4-972E-7B04455E4D08}.Debug|Any CPU.Build.0 = Debug|Any CPU
		{99CBAA7F-445B-03D4-972E-7B04455E4D08}.Debug|x64.ActiveCfg = Debug|Any CPU
		{99CBAA7F-445B-03D4-972E-7B04455E4D08}.Debug|x64.Build.0 = Debug|Any CPU
		{99CBAA7F-445B-03D4-972E-7B04455E4D08}.Debug|x86.ActiveCfg = Debug|Any CPU
		{99CBAA7F-445B-03D4-972E-7B04455E4D08}.Debug|x86.Build.0 = Debug|Any CPU
		{99CBAA7F-445B-03D4-972E-7B04455E4D08}.Release|Any CPU.ActiveCfg = Release|Any CPU
		{99CBAA7F-445B-03D4-972E-7B04455E4D08}.Release|Any CPU.Build.0 = Release|Any CPU
		{99CBAA7F-445B-03D4-972E-7B04455E4D08}.Release|x64.ActiveCfg = Release|Any CPU
		{99CBAA7F-445B-03D4-972E-7B04455E4D08}.Release|x64.Build.0 = Release|Any CPU
		{99CBAA7F-445B-03D4-972E-7B04455E4D08}.Release|x86.ActiveCfg = Release|Any CPU
		{99CBAA7F-445B-03D4-972E-7B04455E4D08}.Release|x86.Build.0 = Release|Any CPU
		{DD230EC3-7996-739A-A6DF-09768DF14394}.All|Any CPU.ActiveCfg = Debug|Any CPU
		{DD230EC3-7996-739A-A6DF-09768DF14394}.All|Any CPU.Build.0 = Debug|Any CPU
		{DD230EC3-7996-739A-A6DF-09768DF14394}.All|x64.ActiveCfg = Debug|Any CPU
		{DD230EC3-7996-739A-A6DF-09768DF14394}.All|x64.Build.0 = Debug|Any CPU
		{DD230EC3-7996-739A-A6DF-09768DF14394}.All|x86.ActiveCfg = Debug|Any CPU
		{DD230EC3-7996-739A-A6DF-09768DF14394}.All|x86.Build.0 = Debug|Any CPU
		{DD230EC3-7996-739A-A6DF-09768DF14394}.Debug|Any CPU.ActiveCfg = Debug|Any CPU
		{DD230EC3-7996-739A-A6DF-09768DF14394}.Debug|Any CPU.Build.0 = Debug|Any CPU
		{DD230EC3-7996-739A-A6DF-09768DF14394}.Debug|x64.ActiveCfg = Debug|Any CPU
		{DD230EC3-7996-739A-A6DF-09768DF14394}.Debug|x64.Build.0 = Debug|Any CPU
		{DD230EC3-7996-739A-A6DF-09768DF14394}.Debug|x86.ActiveCfg = Debug|Any CPU
		{DD230EC3-7996-739A-A6DF-09768DF14394}.Debug|x86.Build.0 = Debug|Any CPU
		{DD230EC3-7996-739A-A6DF-09768DF14394}.Release|Any CPU.ActiveCfg = Release|Any CPU
		{DD230EC3-7996-739A-A6DF-09768DF14394}.Release|Any CPU.Build.0 = Release|Any CPU
		{DD230EC3-7996-739A-A6DF-09768DF14394}.Release|x64.ActiveCfg = Release|Any CPU
		{DD230EC3-7996-739A-A6DF-09768DF14394}.Release|x64.Build.0 = Release|Any CPU
		{DD230EC3-7996-739A-A6DF-09768DF14394}.Release|x86.ActiveCfg = Release|Any CPU
		{DD230EC3-7996-739A-A6DF-09768DF14394}.Release|x86.Build.0 = Release|Any CPU
		{50F8007B-151A-CB71-DE87-F10CCD852C19}.All|Any CPU.ActiveCfg = Debug|Any CPU
		{50F8007B-151A-CB71-DE87-F10CCD852C19}.All|Any CPU.Build.0 = Debug|Any CPU
		{50F8007B-151A-CB71-DE87-F10CCD852C19}.All|x64.ActiveCfg = Debug|Any CPU
		{50F8007B-151A-CB71-DE87-F10CCD852C19}.All|x64.Build.0 = Debug|Any CPU
		{50F8007B-151A-CB71-DE87-F10CCD852C19}.All|x86.ActiveCfg = Debug|Any CPU
		{50F8007B-151A-CB71-DE87-F10CCD852C19}.All|x86.Build.0 = Debug|Any CPU
		{50F8007B-151A-CB71-DE87-F10CCD852C19}.Debug|Any CPU.ActiveCfg = Debug|Any CPU
		{50F8007B-151A-CB71-DE87-F10CCD852C19}.Debug|Any CPU.Build.0 = Debug|Any CPU
		{50F8007B-151A-CB71-DE87-F10CCD852C19}.Debug|x64.ActiveCfg = Debug|Any CPU
		{50F8007B-151A-CB71-DE87-F10CCD852C19}.Debug|x64.Build.0 = Debug|Any CPU
		{50F8007B-151A-CB71-DE87-F10CCD852C19}.Debug|x86.ActiveCfg = Debug|Any CPU
		{50F8007B-151A-CB71-DE87-F10CCD852C19}.Debug|x86.Build.0 = Debug|Any CPU
		{50F8007B-151A-CB71-DE87-F10CCD852C19}.Release|Any CPU.ActiveCfg = Release|Any CPU
		{50F8007B-151A-CB71-DE87-F10CCD852C19}.Release|Any CPU.Build.0 = Release|Any CPU
		{50F8007B-151A-CB71-DE87-F10CCD852C19}.Release|x64.ActiveCfg = Release|Any CPU
		{50F8007B-151A-CB71-DE87-F10CCD852C19}.Release|x64.Build.0 = Release|Any CPU
		{50F8007B-151A-CB71-DE87-F10CCD852C19}.Release|x86.ActiveCfg = Release|Any CPU
		{50F8007B-151A-CB71-DE87-F10CCD852C19}.Release|x86.Build.0 = Release|Any CPU
		{411D88A8-88BD-7BA9-D340-5B03432C0EC3}.All|Any CPU.ActiveCfg = Debug|Any CPU
		{411D88A8-88BD-7BA9-D340-5B03432C0EC3}.All|Any CPU.Build.0 = Debug|Any CPU
		{411D88A8-88BD-7BA9-D340-5B03432C0EC3}.All|x64.ActiveCfg = Debug|Any CPU
		{411D88A8-88BD-7BA9-D340-5B03432C0EC3}.All|x64.Build.0 = Debug|Any CPU
		{411D88A8-88BD-7BA9-D340-5B03432C0EC3}.All|x86.ActiveCfg = Debug|Any CPU
		{411D88A8-88BD-7BA9-D340-5B03432C0EC3}.All|x86.Build.0 = Debug|Any CPU
		{411D88A8-88BD-7BA9-D340-5B03432C0EC3}.Debug|Any CPU.ActiveCfg = Debug|Any CPU
		{411D88A8-88BD-7BA9-D340-5B03432C0EC3}.Debug|Any CPU.Build.0 = Debug|Any CPU
		{411D88A8-88BD-7BA9-D340-5B03432C0EC3}.Debug|x64.ActiveCfg = Debug|Any CPU
		{411D88A8-88BD-7BA9-D340-5B03432C0EC3}.Debug|x64.Build.0 = Debug|Any CPU
		{411D88A8-88BD-7BA9-D340-5B03432C0EC3}.Debug|x86.ActiveCfg = Debug|Any CPU
		{411D88A8-88BD-7BA9-D340-5B03432C0EC3}.Debug|x86.Build.0 = Debug|Any CPU
		{411D88A8-88BD-7BA9-D340-5B03432C0EC3}.Release|Any CPU.ActiveCfg = Release|Any CPU
		{411D88A8-88BD-7BA9-D340-5B03432C0EC3}.Release|Any CPU.Build.0 = Release|Any CPU
		{411D88A8-88BD-7BA9-D340-5B03432C0EC3}.Release|x64.ActiveCfg = Release|Any CPU
		{411D88A8-88BD-7BA9-D340-5B03432C0EC3}.Release|x64.Build.0 = Release|Any CPU
		{411D88A8-88BD-7BA9-D340-5B03432C0EC3}.Release|x86.ActiveCfg = Release|Any CPU
		{411D88A8-88BD-7BA9-D340-5B03432C0EC3}.Release|x86.Build.0 = Release|Any CPU
	EndGlobalSection
	GlobalSection(SolutionProperties) = preSolution
		HideSolutionNode = FALSE
	EndGlobalSection
	GlobalSection(NestedProjects) = preSolution
		{FF53AC3C-6FCA-4FBF-B5BD-481A960BEEB8} = {1FE3A8CF-0F5C-4B63-96B5-9F104183C57E}
		{90EEA2C1-ACE6-4CBE-91AC-6FE8D69B5BC3} = {88621A25-8DE9-427C-943B-B853DBE886C1}
		{7DF02613-D6F9-4A4B-8496-043C3997123D} = {88621A25-8DE9-427C-943B-B853DBE886C1}
		{1AABF6EC-8CE6-4B2B-9E0B-AF36D06111B2} = {88621A25-8DE9-427C-943B-B853DBE886C1}
		{A985CC14-8A73-4977-94E8-6E1653737A5A} = {1FE3A8CF-0F5C-4B63-96B5-9F104183C57E}
		{3833D63D-46E0-1B92-6CA6-CD42ABEF76AA} = {1FE3A8CF-0F5C-4B63-96B5-9F104183C57E}
		{2DCD2DFA-5D43-2217-2A3D-6DB6915D5204} = {1FE3A8CF-0F5C-4B63-96B5-9F104183C57E}
		{9319B4E5-F79C-4FB4-9E10-7D6682B4A705} = {02EA681E-C7D8-13C7-8484-4AC65E1B71E8}
		{99CBAA7F-445B-03D4-972E-7B04455E4D08} = {02EA681E-C7D8-13C7-8484-4AC65E1B71E8}
		{DD230EC3-7996-739A-A6DF-09768DF14394} = {02EA681E-C7D8-13C7-8484-4AC65E1B71E8}
		{50F8007B-151A-CB71-DE87-F10CCD852C19} = {02EA681E-C7D8-13C7-8484-4AC65E1B71E8}
	EndGlobalSection
	GlobalSection(ExtensibilityGlobals) = postSolution
		SolutionGuid = {0B308959-4A79-48B1-B4C5-0D8FEB34EC6D}
	EndGlobalSection
EndGlobal
