
Microsoft Visual Studio Solution File, Format Version 12.00
# Visual Studio Version 17
VisualStudioVersion = 17.14.37216.2
MinimumVisualStudioVersion = 10.0.40219.1
Project("{FAE04EC0-301F-11D3-BF4B-00C04F79EFBC}") = "VNC.VSTOAddin.Excel", "..\VNC.VSTOAddIn.Excel\VNC.VSTOAddin.Excel.csproj", "{55B0E6F7-F0F0-4370-563D-494B80D48F31}"
EndProject
Project("{FAE04EC0-301F-11D3-BF4B-00C04F79EFBC}") = "VNC.VSTOAddIn", "..\VNC.VSTOAddin\VNC.VSTOAddIn.csproj", "{6B20F08C-746F-855B-EAAB-7D1913E3F28B}"
EndProject
Project("{FAE04EC0-301F-11D3-BF4B-00C04F79EFBC}") = "VNCExcelTools", "VNCExcelTools\VNCExcelTools.csproj", "{A29A8CE7-050B-4A76-81C3-574BF65E95D0}"
EndProject
Project("{FAE04EC0-301F-11D3-BF4B-00C04F79EFBC}") = "VNCExcelToolsApplication", "VNCExcelToolsApplication\VNCExcelToolsApplication.csproj", "{E9564ACA-CEA7-1F1A-6561-2DE490FBB20F}"
EndProject
Project("{FAE04EC0-301F-11D3-BF4B-00C04F79EFBC}") = "VNCExcelToolsApplication.Core", "VNCExcelToolsApplication.Core\VNCExcelToolsApplication.Core.csproj", "{B195E2FE-7991-E1B6-8DC2-FF8801F2B010}"
EndProject
Project("{2150E333-8FDC-42A3-9474-1A3956D46DE8}") = "Solution Items", "Solution Items", "{8EC462FD-D22E-90A8-E5CE-7E832BA40C5D}"
	ProjectSection(SolutionItems) = preProject
		Graph1.dgml = Graph1.dgml
		VNC.VSTOAddIn.Excel.dgml = VNC.VSTOAddIn.Excel.dgml
		VNCExcelTools.dgml = VNCExcelTools.dgml
		VNCExcelTools-Big Picture.dgml = VNCExcelTools-Big Picture.dgml
	EndProjectSection
EndProject
Project("{2150E333-8FDC-42A3-9474-1A3956D46DE8}") = "Legacy", "Legacy", "{02EA681E-C7D8-13C7-8484-4AC65E1B71E8}"
EndProject
Project("{FAE04EC0-301F-11D3-BF4B-00C04F79EFBC}") = "SupportTools_Excel", "..\Legacy\SupportTools_Excel\SupportTools_Excel\SupportTools_Excel.csproj", "{6696A283-4598-4152-B931-25E6F7530392}"
EndProject
Project("{FAE04EC0-301F-11D3-BF4B-00C04F79EFBC}") = "VNC.ExcelHelper", "..\Legacy\VNC.ExcelHelper\VNC.ExcelHelper.csproj", "{BF3E37AA-BCEE-3828-95BC-F7DDD3608486}"
EndProject
Global
	GlobalSection(SolutionConfigurationPlatforms) = preSolution
		Debug|Any CPU = Debug|Any CPU
		Release|Any CPU = Release|Any CPU
	EndGlobalSection
	GlobalSection(ProjectConfigurationPlatforms) = postSolution
		{55B0E6F7-F0F0-4370-563D-494B80D48F31}.Debug|Any CPU.ActiveCfg = Debug|Any CPU
		{55B0E6F7-F0F0-4370-563D-494B80D48F31}.Debug|Any CPU.Build.0 = Debug|Any CPU
		{55B0E6F7-F0F0-4370-563D-494B80D48F31}.Release|Any CPU.ActiveCfg = Release|Any CPU
		{55B0E6F7-F0F0-4370-563D-494B80D48F31}.Release|Any CPU.Build.0 = Release|Any CPU
		{6B20F08C-746F-855B-EAAB-7D1913E3F28B}.Debug|Any CPU.ActiveCfg = Debug|Any CPU
		{6B20F08C-746F-855B-EAAB-7D1913E3F28B}.Debug|Any CPU.Build.0 = Debug|Any CPU
		{6B20F08C-746F-855B-EAAB-7D1913E3F28B}.Release|Any CPU.ActiveCfg = Release|Any CPU
		{6B20F08C-746F-855B-EAAB-7D1913E3F28B}.Release|Any CPU.Build.0 = Release|Any CPU
		{A29A8CE7-050B-4A76-81C3-574BF65E95D0}.Debug|Any CPU.ActiveCfg = Debug|Any CPU
		{A29A8CE7-050B-4A76-81C3-574BF65E95D0}.Release|Any CPU.ActiveCfg = Release|Any CPU
		{A29A8CE7-050B-4A76-81C3-574BF65E95D0}.Release|Any CPU.Build.0 = Release|Any CPU
		{E9564ACA-CEA7-1F1A-6561-2DE490FBB20F}.Debug|Any CPU.ActiveCfg = Debug|Any CPU
		{E9564ACA-CEA7-1F1A-6561-2DE490FBB20F}.Debug|Any CPU.Build.0 = Debug|Any CPU
		{E9564ACA-CEA7-1F1A-6561-2DE490FBB20F}.Release|Any CPU.ActiveCfg = Release|Any CPU
		{E9564ACA-CEA7-1F1A-6561-2DE490FBB20F}.Release|Any CPU.Build.0 = Release|Any CPU
		{B195E2FE-7991-E1B6-8DC2-FF8801F2B010}.Debug|Any CPU.ActiveCfg = Debug|Any CPU
		{B195E2FE-7991-E1B6-8DC2-FF8801F2B010}.Debug|Any CPU.Build.0 = Debug|Any CPU
		{B195E2FE-7991-E1B6-8DC2-FF8801F2B010}.Release|Any CPU.ActiveCfg = Release|Any CPU
		{B195E2FE-7991-E1B6-8DC2-FF8801F2B010}.Release|Any CPU.Build.0 = Release|Any CPU
		{6696A283-4598-4152-B931-25E6F7530392}.Debug|Any CPU.ActiveCfg = Debug|Any CPU
		{6696A283-4598-4152-B931-25E6F7530392}.Release|Any CPU.ActiveCfg = Release|Any CPU
		{6696A283-4598-4152-B931-25E6F7530392}.Release|Any CPU.Build.0 = Release|Any CPU
		{BF3E37AA-BCEE-3828-95BC-F7DDD3608486}.Debug|Any CPU.ActiveCfg = Debug|Any CPU
		{BF3E37AA-BCEE-3828-95BC-F7DDD3608486}.Debug|Any CPU.Build.0 = Debug|Any CPU
		{BF3E37AA-BCEE-3828-95BC-F7DDD3608486}.Release|Any CPU.ActiveCfg = Release|Any CPU
		{BF3E37AA-BCEE-3828-95BC-F7DDD3608486}.Release|Any CPU.Build.0 = Release|Any CPU
	EndGlobalSection
	GlobalSection(SolutionProperties) = preSolution
		HideSolutionNode = FALSE
	EndGlobalSection
	GlobalSection(NestedProjects) = preSolution
		{6696A283-4598-4152-B931-25E6F7530392} = {02EA681E-C7D8-13C7-8484-4AC65E1B71E8}
		{BF3E37AA-BCEE-3828-95BC-F7DDD3608486} = {02EA681E-C7D8-13C7-8484-4AC65E1B71E8}
	EndGlobalSection
	GlobalSection(ExtensibilityGlobals) = postSolution
		SolutionGuid = {07300C61-1782-40D5-91E4-A48953BA639F}
	EndGlobalSection
EndGlobal
